
Microsoft Visual Studio Solution File, Format Version 12.00
# Visual Studio Version 17
VisualStudioVersion = 17.2.32526.322
MinimumVisualStudioVersion = 10.0.40219.1
Project("{FAE04EC0-301F-11D3-BF4B-00C04F79EFBC}") = "MySite.Web", "Ajax\MySite.Web\MySite.Web.csproj", "{ED3D7A4C-2473-41E1-87E7-428DBB517BD8}"
EndProject
Project("{2150E333-8FDC-42A3-9474-1A3956D46DE8}") = "Web", "Web", "{5D445349-E40E-4936-AE11-7C07276AC4A3}"
EndProject
Project("{2150E333-8FDC-42A3-9474-1A3956D46DE8}") = "Desktop", "Desktop", "{C5094142-9DAB-405B-9B46-DBA0AC3B9627}"
EndProject
Project("{2150E333-8FDC-42A3-9474-1A3956D46DE8}") = "Maui", "Maui", "{07F120B6-65CD-4EDB-9BC5-F47281F268B3}"
EndProject
Project("{9A19103F-16F7-4668-BE54-9A1E7A4F7556}") = "MyDocProcApp", "Console\MyDocProcApp\MyDocProcApp.csproj", "{8DA97FE4-645B-4951-92A5-A740D6DD3E5C}"
EndProject
Project("{FAE04EC0-301F-11D3-BF4B-00C04F79EFBC}") = "SalesDashboard.UWP", "Uwp\SalesDashboard.UWP\SalesDashboard.UWP.csproj", "{2CE6005F-99A8-40B3-90BF-D333054DFD17}"
EndProject
Project("{FAE04EC0-301F-11D3-BF4B-00C04F79EFBC}") = "MyWinFormsApp", "WinForms\MyWinFormsApp\MyWinFormsApp.csproj", "{999DDEB3-4CDA-441D-B980-3BC43B654237}"
EndProject
Project("{FAE04EC0-301F-11D3-BF4B-00C04F79EFBC}") = "MyWpfApp", "Wpf\MyWpfApp\MyWpfApp.csproj", "{2F4484CA-D992-44F2-AB3B-5C9F1AD83AB0}"
EndProject
Project("{9A19103F-16F7-4668-BE54-9A1E7A4F7556}") = "MauiDemo", "MAUI\MauiDemo\MauiDemo.csproj", "{DD565025-018E-45D5-9508-8E2F3024708F}"
EndProject
Project("{2150E333-8FDC-42A3-9474-1A3956D46DE8}") = "XF", "XF", "{6D341697-4DD4-4273-9EA7-A55B61279CA7}"
EndProject
Project("{9A19103F-16F7-4668-BE54-9A1E7A4F7556}") = "MyAspNetCoreApp", "Web\MyAspNetCoreApp\MyAspNetCoreApp.csproj", "{205E36BF-AA12-453F-8919-67037A191E10}"
EndProject
Project("{9A19103F-16F7-4668-BE54-9A1E7A4F7556}") = "MyBlazorApp", "Web\MyBlazorApp\MyBlazorApp.csproj", "{197EF063-61C8-4800-AFC9-B5B3AFA2C57E}"
EndProject
Project("{9A19103F-16F7-4668-BE54-9A1E7A4F7556}") = "XamForms.Portable", "Xamarin\XamForms\Portable\XamForms.Portable.csproj", "{F3257882-4D98-4557-AD1C-AB7C229C2E28}"
EndProject
Project("{FAE04EC0-301F-11D3-BF4B-00C04F79EFBC}") = "XamForms.UWP", "Xamarin\XamForms\UWP\XamForms.UWP.csproj", "{F3F7D1CA-B454-446F-8530-839DA97D4CF6}"
EndProject
Project("{FAE04EC0-301F-11D3-BF4B-00C04F79EFBC}") = "XamForms.iOS", "Xamarin\XamForms\iOS\XamForms.iOS.csproj", "{F4861F88-935C-4396-8BEA-042E065F630C}"
EndProject
Project("{FAE04EC0-301F-11D3-BF4B-00C04F79EFBC}") = "XamForms.Android", "Xamarin\XamForms\Android\XamForms.Android.csproj", "{53650D77-C07F-4FAA-AA16-BA81407B9DB5}"
EndProject
Global
	GlobalSection(SolutionConfigurationPlatforms) = preSolution
		Ad-Hoc|Any CPU = Ad-Hoc|Any CPU
		Ad-Hoc|ARM = Ad-Hoc|ARM
		Ad-Hoc|iPhone = Ad-Hoc|iPhone
		Ad-Hoc|iPhoneSimulator = Ad-Hoc|iPhoneSimulator
		Ad-Hoc|x64 = Ad-Hoc|x64
		Ad-Hoc|x86 = Ad-Hoc|x86
		AppStore|Any CPU = AppStore|Any CPU
		AppStore|ARM = AppStore|ARM
		AppStore|iPhone = AppStore|iPhone
		AppStore|iPhoneSimulator = AppStore|iPhoneSimulator
		AppStore|x64 = AppStore|x64
		AppStore|x86 = AppStore|x86
		Debug|Any CPU = Debug|Any CPU
		Debug|ARM = Debug|ARM
		Debug|iPhone = Debug|iPhone
		Debug|iPhoneSimulator = Debug|iPhoneSimulator
		Debug|x64 = Debug|x64
		Debug|x86 = Debug|x86
		Release|Any CPU = Release|Any CPU
		Release|ARM = Release|ARM
		Release|iPhone = Release|iPhone
		Release|iPhoneSimulator = Release|iPhoneSimulator
		Release|x64 = Release|x64
		Release|x86 = Release|x86
	EndGlobalSection
	GlobalSection(ProjectConfigurationPlatforms) = postSolution
		{ED3D7A4C-2473-41E1-87E7-428DBB517BD8}.Ad-Hoc|Any CPU.ActiveCfg = Release|Any CPU
		{ED3D7A4C-2473-41E1-87E7-428DBB517BD8}.Ad-Hoc|Any CPU.Build.0 = Release|Any CPU
		{ED3D7A4C-2473-41E1-87E7-428DBB517BD8}.Ad-Hoc|ARM.ActiveCfg = Release|Any CPU
		{ED3D7A4C-2473-41E1-87E7-428DBB517BD8}.Ad-Hoc|ARM.Build.0 = Release|Any CPU
		{ED3D7A4C-2473-41E1-87E7-428DBB517BD8}.Ad-Hoc|iPhone.ActiveCfg = Release|Any CPU
		{ED3D7A4C-2473-41E1-87E7-428DBB517BD8}.Ad-Hoc|iPhone.Build.0 = Release|Any CPU
		{ED3D7A4C-2473-41E1-87E7-428DBB517BD8}.Ad-Hoc|iPhoneSimulator.ActiveCfg = Release|Any CPU
		{ED3D7A4C-2473-41E1-87E7-428DBB517BD8}.Ad-Hoc|iPhoneSimulator.Build.0 = Release|Any CPU
		{ED3D7A4C-2473-41E1-87E7-428DBB517BD8}.Ad-Hoc|x64.ActiveCfg = Release|Any CPU
		{ED3D7A4C-2473-41E1-87E7-428DBB517BD8}.Ad-Hoc|x64.Build.0 = Release|Any CPU
		{ED3D7A4C-2473-41E1-87E7-428DBB517BD8}.Ad-Hoc|x86.ActiveCfg = Release|Any CPU
		{ED3D7A4C-2473-41E1-87E7-428DBB517BD8}.Ad-Hoc|x86.Build.0 = Release|Any CPU
		{ED3D7A4C-2473-41E1-87E7-428DBB517BD8}.AppStore|Any CPU.ActiveCfg = Release|Any CPU
		{ED3D7A4C-2473-41E1-87E7-428DBB517BD8}.AppStore|Any CPU.Build.0 = Release|Any CPU
		{ED3D7A4C-2473-41E1-87E7-428DBB517BD8}.AppStore|ARM.ActiveCfg = Release|Any CPU
		{ED3D7A4C-2473-41E1-87E7-428DBB517BD8}.AppStore|ARM.Build.0 = Release|Any CPU
		{ED3D7A4C-2473-41E1-87E7-428DBB517BD8}.AppStore|iPhone.ActiveCfg = Release|Any CPU
		{ED3D7A4C-2473-41E1-87E7-428DBB517BD8}.AppStore|iPhone.Build.0 = Release|Any CPU
		{ED3D7A4C-2473-41E1-87E7-428DBB517BD8}.AppStore|iPhoneSimulator.ActiveCfg = Release|Any CPU
		{ED3D7A4C-2473-41E1-87E7-428DBB517BD8}.AppStore|iPhoneSimulator.Build.0 = Release|Any CPU
		{ED3D7A4C-2473-41E1-87E7-428DBB517BD8}.AppStore|x64.ActiveCfg = Release|Any CPU
		{ED3D7A4C-2473-41E1-87E7-428DBB517BD8}.AppStore|x64.Build.0 = Release|Any CPU
		{ED3D7A4C-2473-41E1-87E7-428DBB517BD8}.AppStore|x86.ActiveCfg = Release|Any CPU
		{ED3D7A4C-2473-41E1-87E7-428DBB517BD8}.AppStore|x86.Build.0 = Release|Any CPU
		{ED3D7A4C-2473-41E1-87E7-428DBB517BD8}.Debug|Any CPU.ActiveCfg = Debug|Any CPU
		{ED3D7A4C-2473-41E1-87E7-428DBB517BD8}.Debug|Any CPU.Build.0 = Debug|Any CPU
		{ED3D7A4C-2473-41E1-87E7-428DBB517BD8}.Debug|ARM.ActiveCfg = Debug|Any CPU
		{ED3D7A4C-2473-41E1-87E7-428DBB517BD8}.Debug|ARM.Build.0 = Debug|Any CPU
		{ED3D7A4C-2473-41E1-87E7-428DBB517BD8}.Debug|iPhone.ActiveCfg = Debug|Any CPU
		{ED3D7A4C-2473-41E1-87E7-428DBB517BD8}.Debug|iPhone.Build.0 = Debug|Any CPU
		{ED3D7A4C-2473-41E1-87E7-428DBB517BD8}.Debug|iPhoneSimulator.ActiveCfg = Debug|Any CPU
		{ED3D7A4C-2473-41E1-87E7-428DBB517BD8}.Debug|iPhoneSimulator.Build.0 = Debug|Any CPU
		{ED3D7A4C-2473-41E1-87E7-428DBB517BD8}.Debug|x64.ActiveCfg = Debug|Any CPU
		{ED3D7A4C-2473-41E1-87E7-428DBB517BD8}.Debug|x64.Build.0 = Debug|Any CPU
		{ED3D7A4C-2473-41E1-87E7-428DBB517BD8}.Debug|x86.ActiveCfg = Debug|Any CPU
		{ED3D7A4C-2473-41E1-87E7-428DBB517BD8}.Debug|x86.Build.0 = Debug|Any CPU
		{ED3D7A4C-2473-41E1-87E7-428DBB517BD8}.Release|Any CPU.ActiveCfg = Release|Any CPU
		{ED3D7A4C-2473-41E1-87E7-428DBB517BD8}.Release|Any CPU.Build.0 = Release|Any CPU
		{ED3D7A4C-2473-41E1-87E7-428DBB517BD8}.Release|ARM.ActiveCfg = Release|Any CPU
		{ED3D7A4C-2473-41E1-87E7-428DBB517BD8}.Release|ARM.Build.0 = Release|Any CPU
		{ED3D7A4C-2473-41E1-87E7-428DBB517BD8}.Release|iPhone.ActiveCfg = Release|Any CPU
		{ED3D7A4C-2473-41E1-87E7-428DBB517BD8}.Release|iPhone.Build.0 = Release|Any CPU
		{ED3D7A4C-2473-41E1-87E7-428DBB517BD8}.Release|iPhoneSimulator.ActiveCfg = Release|Any CPU
		{ED3D7A4C-2473-41E1-87E7-428DBB517BD8}.Release|iPhoneSimulator.Build.0 = Release|Any CPU
		{ED3D7A4C-2473-41E1-87E7-428DBB517BD8}.Release|x64.ActiveCfg = Release|Any CPU
		{ED3D7A4C-2473-41E1-87E7-428DBB517BD8}.Release|x64.Build.0 = Release|Any CPU
		{ED3D7A4C-2473-41E1-87E7-428DBB517BD8}.Release|x86.ActiveCfg = Release|Any CPU
		{ED3D7A4C-2473-41E1-87E7-428DBB517BD8}.Release|x86.Build.0 = Release|Any CPU
		{8DA97FE4-645B-4951-92A5-A740D6DD3E5C}.Ad-Hoc|Any CPU.ActiveCfg = Release|Any CPU
		{8DA97FE4-645B-4951-92A5-A740D6DD3E5C}.Ad-Hoc|Any CPU.Build.0 = Release|Any CPU
		{8DA97FE4-645B-4951-92A5-A740D6DD3E5C}.Ad-Hoc|ARM.ActiveCfg = Release|Any CPU
		{8DA97FE4-645B-4951-92A5-A740D6DD3E5C}.Ad-Hoc|ARM.Build.0 = Release|Any CPU
		{8DA97FE4-645B-4951-92A5-A740D6DD3E5C}.Ad-Hoc|iPhone.ActiveCfg = Release|Any CPU
		{8DA97FE4-645B-4951-92A5-A740D6DD3E5C}.Ad-Hoc|iPhone.Build.0 = Release|Any CPU
		{8DA97FE4-645B-4951-92A5-A740D6DD3E5C}.Ad-Hoc|iPhoneSimulator.ActiveCfg = Release|Any CPU
		{8DA97FE4-645B-4951-92A5-A740D6DD3E5C}.Ad-Hoc|iPhoneSimulator.Build.0 = Release|Any CPU
		{8DA97FE4-645B-4951-92A5-A740D6DD3E5C}.Ad-Hoc|x64.ActiveCfg = Release|Any CPU
		{8DA97FE4-645B-4951-92A5-A740D6DD3E5C}.Ad-Hoc|x64.Build.0 = Release|Any CPU
		{8DA97FE4-645B-4951-92A5-A740D6DD3E5C}.Ad-Hoc|x86.ActiveCfg = Release|Any CPU
		{8DA97FE4-645B-4951-92A5-A740D6DD3E5C}.Ad-Hoc|x86.Build.0 = Release|Any CPU
		{8DA97FE4-645B-4951-92A5-A740D6DD3E5C}.AppStore|Any CPU.ActiveCfg = Release|Any CPU
		{8DA97FE4-645B-4951-92A5-A740D6DD3E5C}.AppStore|Any CPU.Build.0 = Release|Any CPU
		{8DA97FE4-645B-4951-92A5-A740D6DD3E5C}.AppStore|ARM.ActiveCfg = Release|Any CPU
		{8DA97FE4-645B-4951-92A5-A740D6DD3E5C}.AppStore|ARM.Build.0 = Release|Any CPU
		{8DA97FE4-645B-4951-92A5-A740D6DD3E5C}.AppStore|iPhone.ActiveCfg = Release|Any CPU
		{8DA97FE4-645B-4951-92A5-A740D6DD3E5C}.AppStore|iPhone.Build.0 = Release|Any CPU
		{8DA97FE4-645B-4951-92A5-A740D6DD3E5C}.AppStore|iPhoneSimulator.ActiveCfg = Release|Any CPU
		{8DA97FE4-645B-4951-92A5-A740D6DD3E5C}.AppStore|iPhoneSimulator.Build.0 = Release|Any CPU
		{8DA97FE4-645B-4951-92A5-A740D6DD3E5C}.AppStore|x64.ActiveCfg = Release|Any CPU
		{8DA97FE4-645B-4951-92A5-A740D6DD3E5C}.AppStore|x64.Build.0 = Release|Any CPU
		{8DA97FE4-645B-4951-92A5-A740D6DD3E5C}.AppStore|x86.ActiveCfg = Release|Any CPU
		{8DA97FE4-645B-4951-92A5-A740D6DD3E5C}.AppStore|x86.Build.0 = Release|Any CPU
		{8DA97FE4-645B-4951-92A5-A740D6DD3E5C}.Debug|Any CPU.ActiveCfg = Debug|Any CPU
		{8DA97FE4-645B-4951-92A5-A740D6DD3E5C}.Debug|Any CPU.Build.0 = Debug|Any CPU
		{8DA97FE4-645B-4951-92A5-A740D6DD3E5C}.Debug|ARM.ActiveCfg = Debug|Any CPU
		{8DA97FE4-645B-4951-92A5-A740D6DD3E5C}.Debug|ARM.Build.0 = Debug|Any CPU
		{8DA97FE4-645B-4951-92A5-A740D6DD3E5C}.Debug|iPhone.ActiveCfg = Debug|Any CPU
		{8DA97FE4-645B-4951-92A5-A740D6DD3E5C}.Debug|iPhone.Build.0 = Debug|Any CPU
		{8DA97FE4-645B-4951-92A5-A740D6DD3E5C}.Debug|iPhoneSimulator.ActiveCfg = Debug|Any CPU
		{8DA97FE4-645B-4951-92A5-A740D6DD3E5C}.Debug|iPhoneSimulator.Build.0 = Debug|Any CPU
		{8DA97FE4-645B-4951-92A5-A740D6DD3E5C}.Debug|x64.ActiveCfg = Debug|Any CPU
		{8DA97FE4-645B-4951-92A5-A740D6DD3E5C}.Debug|x64.Build.0 = Debug|Any CPU
		{8DA97FE4-645B-4951-92A5-A740D6DD3E5C}.Debug|x86.ActiveCfg = Debug|Any CPU
		{8DA97FE4-645B-4951-92A5-A740D6DD3E5C}.Debug|x86.Build.0 = Debug|Any CPU
		{8DA97FE4-645B-4951-92A5-A740D6DD3E5C}.Release|Any CPU.ActiveCfg = Release|Any CPU
		{8DA97FE4-645B-4951-92A5-A740D6DD3E5C}.Release|Any CPU.Build.0 = Release|Any CPU
		{8DA97FE4-645B-4951-92A5-A740D6DD3E5C}.Release|ARM.ActiveCfg = Release|Any CPU
		{8DA97FE4-645B-4951-92A5-A740D6DD3E5C}.Release|ARM.Build.0 = Release|Any CPU
		{8DA97FE4-645B-4951-92A5-A740D6DD3E5C}.Release|iPhone.ActiveCfg = Release|Any CPU
		{8DA97FE4-645B-4951-92A5-A740D6DD3E5C}.Release|iPhone.Build.0 = Release|Any CPU
		{8DA97FE4-645B-4951-92A5-A740D6DD3E5C}.Release|iPhoneSimulator.ActiveCfg = Release|Any CPU
		{8DA97FE4-645B-4951-92A5-A740D6DD3E5C}.Release|iPhoneSimulator.Build.0 = Release|Any CPU
		{8DA97FE4-645B-4951-92A5-A740D6DD3E5C}.Release|x64.ActiveCfg = Release|Any CPU
		{8DA97FE4-645B-4951-92A5-A740D6DD3E5C}.Release|x64.Build.0 = Release|Any CPU
		{8DA97FE4-645B-4951-92A5-A740D6DD3E5C}.Release|x86.ActiveCfg = Release|Any CPU
		{8DA97FE4-645B-4951-92A5-A740D6DD3E5C}.Release|x86.Build.0 = Release|Any CPU
		{2CE6005F-99A8-40B3-90BF-D333054DFD17}.Ad-Hoc|Any CPU.ActiveCfg = Release|x64
		{2CE6005F-99A8-40B3-90BF-D333054DFD17}.Ad-Hoc|Any CPU.Build.0 = Release|x64
		{2CE6005F-99A8-40B3-90BF-D333054DFD17}.Ad-Hoc|Any CPU.Deploy.0 = Release|x64
		{2CE6005F-99A8-40B3-90BF-D333054DFD17}.Ad-Hoc|ARM.ActiveCfg = Release|ARM
		{2CE6005F-99A8-40B3-90BF-D333054DFD17}.Ad-Hoc|ARM.Build.0 = Release|ARM
		{2CE6005F-99A8-40B3-90BF-D333054DFD17}.Ad-Hoc|ARM.Deploy.0 = Release|ARM
		{2CE6005F-99A8-40B3-90BF-D333054DFD17}.Ad-Hoc|iPhone.ActiveCfg = Release|x64
		{2CE6005F-99A8-40B3-90BF-D333054DFD17}.Ad-Hoc|iPhone.Build.0 = Release|x64
		{2CE6005F-99A8-40B3-90BF-D333054DFD17}.Ad-Hoc|iPhone.Deploy.0 = Release|x64
		{2CE6005F-99A8-40B3-90BF-D333054DFD17}.Ad-Hoc|iPhoneSimulator.ActiveCfg = Release|x64
		{2CE6005F-99A8-40B3-90BF-D333054DFD17}.Ad-Hoc|iPhoneSimulator.Build.0 = Release|x64
		{2CE6005F-99A8-40B3-90BF-D333054DFD17}.Ad-Hoc|iPhoneSimulator.Deploy.0 = Release|x64
		{2CE6005F-99A8-40B3-90BF-D333054DFD17}.Ad-Hoc|x64.ActiveCfg = Release|x64
		{2CE6005F-99A8-40B3-90BF-D333054DFD17}.Ad-Hoc|x64.Build.0 = Release|x64
		{2CE6005F-99A8-40B3-90BF-D333054DFD17}.Ad-Hoc|x64.Deploy.0 = Release|x64
		{2CE6005F-99A8-40B3-90BF-D333054DFD17}.Ad-Hoc|x86.ActiveCfg = Release|x86
		{2CE6005F-99A8-40B3-90BF-D333054DFD17}.Ad-Hoc|x86.Build.0 = Release|x86
		{2CE6005F-99A8-40B3-90BF-D333054DFD17}.Ad-Hoc|x86.Deploy.0 = Release|x86
		{2CE6005F-99A8-40B3-90BF-D333054DFD17}.AppStore|Any CPU.ActiveCfg = Release|x64
		{2CE6005F-99A8-40B3-90BF-D333054DFD17}.AppStore|Any CPU.Build.0 = Release|x64
		{2CE6005F-99A8-40B3-90BF-D333054DFD17}.AppStore|Any CPU.Deploy.0 = Release|x64
		{2CE6005F-99A8-40B3-90BF-D333054DFD17}.AppStore|ARM.ActiveCfg = Release|ARM
		{2CE6005F-99A8-40B3-90BF-D333054DFD17}.AppStore|ARM.Build.0 = Release|ARM
		{2CE6005F-99A8-40B3-90BF-D333054DFD17}.AppStore|ARM.Deploy.0 = Release|ARM
		{2CE6005F-99A8-40B3-90BF-D333054DFD17}.AppStore|iPhone.ActiveCfg = Release|x64
		{2CE6005F-99A8-40B3-90BF-D333054DFD17}.AppStore|iPhone.Build.0 = Release|x64
		{2CE6005F-99A8-40B3-90BF-D333054DFD17}.AppStore|iPhone.Deploy.0 = Release|x64
		{2CE6005F-99A8-40B3-90BF-D333054DFD17}.AppStore|iPhoneSimulator.ActiveCfg = Release|x64
		{2CE6005F-99A8-40B3-90BF-D333054DFD17}.AppStore|iPhoneSimulator.Build.0 = Release|x64
		{2CE6005F-99A8-40B3-90BF-D333054DFD17}.AppStore|iPhoneSimulator.Deploy.0 = Release|x64
		{2CE6005F-99A8-40B3-90BF-D333054DFD17}.AppStore|x64.ActiveCfg = Release|x64
		{2CE6005F-99A8-40B3-90BF-D333054DFD17}.AppStore|x64.Build.0 = Release|x64
		{2CE6005F-99A8-40B3-90BF-D333054DFD17}.AppStore|x64.Deploy.0 = Release|x64
		{2CE6005F-99A8-40B3-90BF-D333054DFD17}.AppStore|x86.ActiveCfg = Release|x86
		{2CE6005F-99A8-40B3-90BF-D333054DFD17}.AppStore|x86.Build.0 = Release|x86
		{2CE6005F-99A8-40B3-90BF-D333054DFD17}.AppStore|x86.Deploy.0 = Release|x86
		{2CE6005F-99A8-40B3-90BF-D333054DFD17}.Debug|Any CPU.ActiveCfg = Debug|x64
		{2CE6005F-99A8-40B3-90BF-D333054DFD17}.Debug|Any CPU.Build.0 = Debug|x64
		{2CE6005F-99A8-40B3-90BF-D333054DFD17}.Debug|Any CPU.Deploy.0 = Debug|x64
		{2CE6005F-99A8-40B3-90BF-D333054DFD17}.Debug|ARM.ActiveCfg = Debug|ARM
		{2CE6005F-99A8-40B3-90BF-D333054DFD17}.Debug|ARM.Build.0 = Debug|ARM
		{2CE6005F-99A8-40B3-90BF-D333054DFD17}.Debug|ARM.Deploy.0 = Debug|ARM
		{2CE6005F-99A8-40B3-90BF-D333054DFD17}.Debug|iPhone.ActiveCfg = Debug|x64
		{2CE6005F-99A8-40B3-90BF-D333054DFD17}.Debug|iPhone.Build.0 = Debug|x64
		{2CE6005F-99A8-40B3-90BF-D333054DFD17}.Debug|iPhone.Deploy.0 = Debug|x64
		{2CE6005F-99A8-40B3-90BF-D333054DFD17}.Debug|iPhoneSimulator.ActiveCfg = Debug|x64
		{2CE6005F-99A8-40B3-90BF-D333054DFD17}.Debug|iPhoneSimulator.Build.0 = Debug|x64
		{2CE6005F-99A8-40B3-90BF-D333054DFD17}.Debug|iPhoneSimulator.Deploy.0 = Debug|x64
		{2CE6005F-99A8-40B3-90BF-D333054DFD17}.Debug|x64.ActiveCfg = Debug|x64
		{2CE6005F-99A8-40B3-90BF-D333054DFD17}.Debug|x64.Build.0 = Debug|x64
		{2CE6005F-99A8-40B3-90BF-D333054DFD17}.Debug|x64.Deploy.0 = Debug|x64
		{2CE6005F-99A8-40B3-90BF-D333054DFD17}.Debug|x86.ActiveCfg = Debug|x86
		{2CE6005F-99A8-40B3-90BF-D333054DFD17}.Debug|x86.Build.0 = Debug|x86
		{2CE6005F-99A8-40B3-90BF-D333054DFD17}.Debug|x86.Deploy.0 = Debug|x86
		{2CE6005F-99A8-40B3-90BF-D333054DFD17}.Release|Any CPU.ActiveCfg = Release|x64
		{2CE6005F-99A8-40B3-90BF-D333054DFD17}.Release|Any CPU.Build.0 = Release|x64
		{2CE6005F-99A8-40B3-90BF-D333054DFD17}.Release|Any CPU.Deploy.0 = Release|x64
		{2CE6005F-99A8-40B3-90BF-D333054DFD17}.Release|ARM.ActiveCfg = Release|ARM
		{2CE6005F-99A8-40B3-90BF-D333054DFD17}.Release|ARM.Build.0 = Release|ARM
		{2CE6005F-99A8-40B3-90BF-D333054DFD17}.Release|ARM.Deploy.0 = Release|ARM
		{2CE6005F-99A8-40B3-90BF-D333054DFD17}.Release|iPhone.ActiveCfg = Release|x64
		{2CE6005F-99A8-40B3-90BF-D333054DFD17}.Release|iPhone.Build.0 = Release|x64
		{2CE6005F-99A8-40B3-90BF-D333054DFD17}.Release|iPhone.Deploy.0 = Release|x64
		{2CE6005F-99A8-40B3-90BF-D333054DFD17}.Release|iPhoneSimulator.ActiveCfg = Release|x64
		{2CE6005F-99A8-40B3-90BF-D333054DFD17}.Release|iPhoneSimulator.Build.0 = Release|x64
		{2CE6005F-99A8-40B3-90BF-D333054DFD17}.Release|iPhoneSimulator.Deploy.0 = Release|x64
		{2CE6005F-99A8-40B3-90BF-D333054DFD17}.Release|x64.ActiveCfg = Release|x64
		{2CE6005F-99A8-40B3-90BF-D333054DFD17}.Release|x64.Build.0 = Release|x64
		{2CE6005F-99A8-40B3-90BF-D333054DFD17}.Release|x64.Deploy.0 = Release|x64
		{2CE6005F-99A8-40B3-90BF-D333054DFD17}.Release|x86.ActiveCfg = Release|x86
		{2CE6005F-99A8-40B3-90BF-D333054DFD17}.Release|x86.Build.0 = Release|x86
		{2CE6005F-99A8-40B3-90BF-D333054DFD17}.Release|x86.Deploy.0 = Release|x86
		{999DDEB3-4CDA-441D-B980-3BC43B654237}.Ad-Hoc|Any CPU.ActiveCfg = Debug|x86
		{999DDEB3-4CDA-441D-B980-3BC43B654237}.Ad-Hoc|Any CPU.Build.0 = Debug|x86
		{999DDEB3-4CDA-441D-B980-3BC43B654237}.Ad-Hoc|ARM.ActiveCfg = Debug|x86
		{999DDEB3-4CDA-441D-B980-3BC43B654237}.Ad-Hoc|ARM.Build.0 = Debug|x86
		{999DDEB3-4CDA-441D-B980-3BC43B654237}.Ad-Hoc|iPhone.ActiveCfg = Debug|x86
		{999DDEB3-4CDA-441D-B980-3BC43B654237}.Ad-Hoc|iPhone.Build.0 = Debug|x86
		{999DDEB3-4CDA-441D-B980-3BC43B654237}.Ad-Hoc|iPhoneSimulator.ActiveCfg = Debug|x86
		{999DDEB3-4CDA-441D-B980-3BC43B654237}.Ad-Hoc|iPhoneSimulator.Build.0 = Debug|x86
		{999DDEB3-4CDA-441D-B980-3BC43B654237}.Ad-Hoc|x64.ActiveCfg = Debug|x86
		{999DDEB3-4CDA-441D-B980-3BC43B654237}.Ad-Hoc|x64.Build.0 = Debug|x86
		{999DDEB3-4CDA-441D-B980-3BC43B654237}.Ad-Hoc|x86.ActiveCfg = Debug|x86
		{999DDEB3-4CDA-441D-B980-3BC43B654237}.Ad-Hoc|x86.Build.0 = Debug|x86
		{999DDEB3-4CDA-441D-B980-3BC43B654237}.AppStore|Any CPU.ActiveCfg = Debug|x86
		{999DDEB3-4CDA-441D-B980-3BC43B654237}.AppStore|Any CPU.Build.0 = Debug|x86
		{999DDEB3-4CDA-441D-B980-3BC43B654237}.AppStore|ARM.ActiveCfg = Debug|x86
		{999DDEB3-4CDA-441D-B980-3BC43B654237}.AppStore|ARM.Build.0 = Debug|x86
		{999DDEB3-4CDA-441D-B980-3BC43B654237}.AppStore|iPhone.ActiveCfg = Debug|x86
		{999DDEB3-4CDA-441D-B980-3BC43B654237}.AppStore|iPhone.Build.0 = Debug|x86
		{999DDEB3-4CDA-441D-B980-3BC43B654237}.AppStore|iPhoneSimulator.ActiveCfg = Debug|x86
		{999DDEB3-4CDA-441D-B980-3BC43B654237}.AppStore|iPhoneSimulator.Build.0 = Debug|x86
		{999DDEB3-4CDA-441D-B980-3BC43B654237}.AppStore|x64.ActiveCfg = Debug|x86
		{999DDEB3-4CDA-441D-B980-3BC43B654237}.AppStore|x64.Build.0 = Debug|x86
		{999DDEB3-4CDA-441D-B980-3BC43B654237}.AppStore|x86.ActiveCfg = Debug|x86
		{999DDEB3-4CDA-441D-B980-3BC43B654237}.AppStore|x86.Build.0 = Debug|x86
		{999DDEB3-4CDA-441D-B980-3BC43B654237}.Debug|Any CPU.ActiveCfg = Debug|x86
		{999DDEB3-4CDA-441D-B980-3BC43B654237}.Debug|Any CPU.Build.0 = Debug|x86
		{999DDEB3-4CDA-441D-B980-3BC43B654237}.Debug|ARM.ActiveCfg = Debug|x86
		{999DDEB3-4CDA-441D-B980-3BC43B654237}.Debug|ARM.Build.0 = Debug|x86
		{999DDEB3-4CDA-441D-B980-3BC43B654237}.Debug|iPhone.ActiveCfg = Debug|x86
		{999DDEB3-4CDA-441D-B980-3BC43B654237}.Debug|iPhone.Build.0 = Debug|x86
		{999DDEB3-4CDA-441D-B980-3BC43B654237}.Debug|iPhoneSimulator.ActiveCfg = Debug|x86
		{999DDEB3-4CDA-441D-B980-3BC43B654237}.Debug|iPhoneSimulator.Build.0 = Debug|x86
		{999DDEB3-4CDA-441D-B980-3BC43B654237}.Debug|x64.ActiveCfg = Debug|x86
		{999DDEB3-4CDA-441D-B980-3BC43B654237}.Debug|x64.Build.0 = Debug|x86
		{999DDEB3-4CDA-441D-B980-3BC43B654237}.Debug|x86.ActiveCfg = Debug|x86
		{999DDEB3-4CDA-441D-B980-3BC43B654237}.Debug|x86.Build.0 = Debug|x86
		{999DDEB3-4CDA-441D-B980-3BC43B654237}.Release|Any CPU.ActiveCfg = Release|x86
		{999DDEB3-4CDA-441D-B980-3BC43B654237}.Release|Any CPU.Build.0 = Release|x86
		{999DDEB3-4CDA-441D-B980-3BC43B654237}.Release|ARM.ActiveCfg = Release|x86
		{999DDEB3-4CDA-441D-B980-3BC43B654237}.Release|ARM.Build.0 = Release|x86
		{999DDEB3-4CDA-441D-B980-3BC43B654237}.Release|iPhone.ActiveCfg = Release|x86
		{999DDEB3-4CDA-441D-B980-3BC43B654237}.Release|iPhone.Build.0 = Release|x86
		{999DDEB3-4CDA-441D-B980-3BC43B654237}.Release|iPhoneSimulator.ActiveCfg = Release|x86
		{999DDEB3-4CDA-441D-B980-3BC43B654237}.Release|iPhoneSimulator.Build.0 = Release|x86
		{999DDEB3-4CDA-441D-B980-3BC43B654237}.Release|x64.ActiveCfg = Release|x86
		{999DDEB3-4CDA-441D-B980-3BC43B654237}.Release|x64.Build.0 = Release|x86
		{999DDEB3-4CDA-441D-B980-3BC43B654237}.Release|x86.ActiveCfg = Release|x86
		{999DDEB3-4CDA-441D-B980-3BC43B654237}.Release|x86.Build.0 = Release|x86
		{2F4484CA-D992-44F2-AB3B-5C9F1AD83AB0}.Ad-Hoc|Any CPU.ActiveCfg = Debug|x86
		{2F4484CA-D992-44F2-AB3B-5C9F1AD83AB0}.Ad-Hoc|Any CPU.Build.0 = Debug|x86
		{2F4484CA-D992-44F2-AB3B-5C9F1AD83AB0}.Ad-Hoc|ARM.ActiveCfg = Debug|x86
		{2F4484CA-D992-44F2-AB3B-5C9F1AD83AB0}.Ad-Hoc|ARM.Build.0 = Debug|x86
		{2F4484CA-D992-44F2-AB3B-5C9F1AD83AB0}.Ad-Hoc|iPhone.ActiveCfg = Debug|x86
		{2F4484CA-D992-44F2-AB3B-5C9F1AD83AB0}.Ad-Hoc|iPhone.Build.0 = Debug|x86
		{2F4484CA-D992-44F2-AB3B-5C9F1AD83AB0}.Ad-Hoc|iPhoneSimulator.ActiveCfg = Debug|x86
		{2F4484CA-D992-44F2-AB3B-5C9F1AD83AB0}.Ad-Hoc|iPhoneSimulator.Build.0 = Debug|x86
		{2F4484CA-D992-44F2-AB3B-5C9F1AD83AB0}.Ad-Hoc|x64.ActiveCfg = Debug|x86
		{2F4484CA-D992-44F2-AB3B-5C9F1AD83AB0}.Ad-Hoc|x64.Build.0 = Debug|x86
		{2F4484CA-D992-44F2-AB3B-5C9F1AD83AB0}.Ad-Hoc|x86.ActiveCfg = Debug|x86
		{2F4484CA-D992-44F2-AB3B-5C9F1AD83AB0}.Ad-Hoc|x86.Build.0 = Debug|x86
		{2F4484CA-D992-44F2-AB3B-5C9F1AD83AB0}.AppStore|Any CPU.ActiveCfg = Debug|x86
		{2F4484CA-D992-44F2-AB3B-5C9F1AD83AB0}.AppStore|Any CPU.Build.0 = Debug|x86
		{2F4484CA-D992-44F2-AB3B-5C9F1AD83AB0}.AppStore|ARM.ActiveCfg = Debug|x86
		{2F4484CA-D992-44F2-AB3B-5C9F1AD83AB0}.AppStore|ARM.Build.0 = Debug|x86
		{2F4484CA-D992-44F2-AB3B-5C9F1AD83AB0}.AppStore|iPhone.ActiveCfg = Debug|x86
		{2F4484CA-D992-44F2-AB3B-5C9F1AD83AB0}.AppStore|iPhone.Build.0 = Debug|x86
		{2F4484CA-D992-44F2-AB3B-5C9F1AD83AB0}.AppStore|iPhoneSimulator.ActiveCfg = Debug|x86
		{2F4484CA-D992-44F2-AB3B-5C9F1AD83AB0}.AppStore|iPhoneSimulator.Build.0 = Debug|x86
		{2F4484CA-D992-44F2-AB3B-5C9F1AD83AB0}.AppStore|x64.ActiveCfg = Debug|x86
		{2F4484CA-D992-44F2-AB3B-5C9F1AD83AB0}.AppStore|x64.Build.0 = Debug|x86
		{2F4484CA-D992-44F2-AB3B-5C9F1AD83AB0}.AppStore|x86.ActiveCfg = Debug|x86
		{2F4484CA-D992-44F2-AB3B-5C9F1AD83AB0}.AppStore|x86.Build.0 = Debug|x86
		{2F4484CA-D992-44F2-AB3B-5C9F1AD83AB0}.Debug|Any CPU.ActiveCfg = Debug|x86
		{2F4484CA-D992-44F2-AB3B-5C9F1AD83AB0}.Debug|Any CPU.Build.0 = Debug|x86
		{2F4484CA-D992-44F2-AB3B-5C9F1AD83AB0}.Debug|ARM.ActiveCfg = Debug|x86
		{2F4484CA-D992-44F2-AB3B-5C9F1AD83AB0}.Debug|ARM.Build.0 = Debug|x86
		{2F4484CA-D992-44F2-AB3B-5C9F1AD83AB0}.Debug|iPhone.ActiveCfg = Debug|x86
		{2F4484CA-D992-44F2-AB3B-5C9F1AD83AB0}.Debug|iPhone.Build.0 = Debug|x86
		{2F4484CA-D992-44F2-AB3B-5C9F1AD83AB0}.Debug|iPhoneSimulator.ActiveCfg = Debug|x86
		{2F4484CA-D992-44F2-AB3B-5C9F1AD83AB0}.Debug|iPhoneSimulator.Build.0 = Debug|x86
		{2F4484CA-D992-44F2-AB3B-5C9F1AD83AB0}.Debug|x64.ActiveCfg = Debug|x86
		{2F4484CA-D992-44F2-AB3B-5C9F1AD83AB0}.Debug|x64.Build.0 = Debug|x86
		{2F4484CA-D992-44F2-AB3B-5C9F1AD83AB0}.Debug|x86.ActiveCfg = Debug|x86
		{2F4484CA-D992-44F2-AB3B-5C9F1AD83AB0}.Debug|x86.Build.0 = Debug|x86
		{2F4484CA-D992-44F2-AB3B-5C9F1AD83AB0}.Release|Any CPU.ActiveCfg = Release|x86
		{2F4484CA-D992-44F2-AB3B-5C9F1AD83AB0}.Release|Any CPU.Build.0 = Release|x86
		{2F4484CA-D992-44F2-AB3B-5C9F1AD83AB0}.Release|ARM.ActiveCfg = Release|x86
		{2F4484CA-D992-44F2-AB3B-5C9F1AD83AB0}.Release|ARM.Build.0 = Release|x86
		{2F4484CA-D992-44F2-AB3B-5C9F1AD83AB0}.Release|iPhone.ActiveCfg = Release|x86
		{2F4484CA-D992-44F2-AB3B-5C9F1AD83AB0}.Release|iPhone.Build.0 = Release|x86
		{2F4484CA-D992-44F2-AB3B-5C9F1AD83AB0}.Release|iPhoneSimulator.ActiveCfg = Release|x86
		{2F4484CA-D992-44F2-AB3B-5C9F1AD83AB0}.Release|iPhoneSimulator.Build.0 = Release|x86
		{2F4484CA-D992-44F2-AB3B-5C9F1AD83AB0}.Release|x64.ActiveCfg = Release|x86
		{2F4484CA-D992-44F2-AB3B-5C9F1AD83AB0}.Release|x64.Build.0 = Release|x86
		{2F4484CA-D992-44F2-AB3B-5C9F1AD83AB0}.Release|x86.ActiveCfg = Release|x86
		{2F4484CA-D992-44F2-AB3B-5C9F1AD83AB0}.Release|x86.Build.0 = Release|x86
		{DD565025-018E-45D5-9508-8E2F3024708F}.Ad-Hoc|Any CPU.ActiveCfg = Debug|Any CPU
		{DD565025-018E-45D5-9508-8E2F3024708F}.Ad-Hoc|Any CPU.Build.0 = Debug|Any CPU
		{DD565025-018E-45D5-9508-8E2F3024708F}.Ad-Hoc|Any CPU.Deploy.0 = Debug|Any CPU
		{DD565025-018E-45D5-9508-8E2F3024708F}.Ad-Hoc|ARM.ActiveCfg = Debug|Any CPU
		{DD565025-018E-45D5-9508-8E2F3024708F}.Ad-Hoc|ARM.Build.0 = Debug|Any CPU
		{DD565025-018E-45D5-9508-8E2F3024708F}.Ad-Hoc|ARM.Deploy.0 = Debug|Any CPU
		{DD565025-018E-45D5-9508-8E2F3024708F}.Ad-Hoc|iPhone.ActiveCfg = Debug|Any CPU
		{DD565025-018E-45D5-9508-8E2F3024708F}.Ad-Hoc|iPhone.Build.0 = Debug|Any CPU
		{DD565025-018E-45D5-9508-8E2F3024708F}.Ad-Hoc|iPhone.Deploy.0 = Debug|Any CPU
		{DD565025-018E-45D5-9508-8E2F3024708F}.Ad-Hoc|iPhoneSimulator.ActiveCfg = Debug|Any CPU
		{DD565025-018E-45D5-9508-8E2F3024708F}.Ad-Hoc|iPhoneSimulator.Build.0 = Debug|Any CPU
		{DD565025-018E-45D5-9508-8E2F3024708F}.Ad-Hoc|iPhoneSimulator.Deploy.0 = Debug|Any CPU
		{DD565025-018E-45D5-9508-8E2F3024708F}.Ad-Hoc|x64.ActiveCfg = Debug|Any CPU
		{DD565025-018E-45D5-9508-8E2F3024708F}.Ad-Hoc|x64.Build.0 = Debug|Any CPU
		{DD565025-018E-45D5-9508-8E2F3024708F}.Ad-Hoc|x64.Deploy.0 = Debug|Any CPU
		{DD565025-018E-45D5-9508-8E2F3024708F}.Ad-Hoc|x86.ActiveCfg = Debug|Any CPU
		{DD565025-018E-45D5-9508-8E2F3024708F}.Ad-Hoc|x86.Build.0 = Debug|Any CPU
		{DD565025-018E-45D5-9508-8E2F3024708F}.Ad-Hoc|x86.Deploy.0 = Debug|Any CPU
		{DD565025-018E-45D5-9508-8E2F3024708F}.AppStore|Any CPU.ActiveCfg = Debug|Any CPU
		{DD565025-018E-45D5-9508-8E2F3024708F}.AppStore|Any CPU.Build.0 = Debug|Any CPU
		{DD565025-018E-45D5-9508-8E2F3024708F}.AppStore|Any CPU.Deploy.0 = Debug|Any CPU
		{DD565025-018E-45D5-9508-8E2F3024708F}.AppStore|ARM.ActiveCfg = Debug|Any CPU
		{DD565025-018E-45D5-9508-8E2F3024708F}.AppStore|ARM.Build.0 = Debug|Any CPU
		{DD565025-018E-45D5-9508-8E2F3024708F}.AppStore|ARM.Deploy.0 = Debug|Any CPU
		{DD565025-018E-45D5-9508-8E2F3024708F}.AppStore|iPhone.ActiveCfg = Debug|Any CPU
		{DD565025-018E-45D5-9508-8E2F3024708F}.AppStore|iPhone.Build.0 = Debug|Any CPU
		{DD565025-018E-45D5-9508-8E2F3024708F}.AppStore|iPhone.Deploy.0 = Debug|Any CPU
		{DD565025-018E-45D5-9508-8E2F3024708F}.AppStore|iPhoneSimulator.ActiveCfg = Debug|Any CPU
		{DD565025-018E-45D5-9508-8E2F3024708F}.AppStore|iPhoneSimulator.Build.0 = Debug|Any CPU
		{DD565025-018E-45D5-9508-8E2F3024708F}.AppStore|iPhoneSimulator.Deploy.0 = Debug|Any CPU
		{DD565025-018E-45D5-9508-8E2F3024708F}.AppStore|x64.ActiveCfg = Debug|Any CPU
		{DD565025-018E-45D5-9508-8E2F3024708F}.AppStore|x64.Build.0 = Debug|Any CPU
		{DD565025-018E-45D5-9508-8E2F3024708F}.AppStore|x64.Deploy.0 = Debug|Any CPU
		{DD565025-018E-45D5-9508-8E2F3024708F}.AppStore|x86.ActiveCfg = Debug|Any CPU
		{DD565025-018E-45D5-9508-8E2F3024708F}.AppStore|x86.Build.0 = Debug|Any CPU
		{DD565025-018E-45D5-9508-8E2F3024708F}.AppStore|x86.Deploy.0 = Debug|Any CPU
		{DD565025-018E-45D5-9508-8E2F3024708F}.Debug|Any CPU.ActiveCfg = Debug|Any CPU
		{DD565025-018E-45D5-9508-8E2F3024708F}.Debug|Any CPU.Build.0 = Debug|Any CPU
		{DD565025-018E-45D5-9508-8E2F3024708F}.Debug|Any CPU.Deploy.0 = Debug|Any CPU
		{DD565025-018E-45D5-9508-8E2F3024708F}.Debug|ARM.ActiveCfg = Debug|Any CPU
		{DD565025-018E-45D5-9508-8E2F3024708F}.Debug|ARM.Build.0 = Debug|Any CPU
		{DD565025-018E-45D5-9508-8E2F3024708F}.Debug|ARM.Deploy.0 = Debug|Any CPU
		{DD565025-018E-45D5-9508-8E2F3024708F}.Debug|iPhone.ActiveCfg = Debug|Any CPU
		{DD565025-018E-45D5-9508-8E2F3024708F}.Debug|iPhone.Build.0 = Debug|Any CPU
		{DD565025-018E-45D5-9508-8E2F3024708F}.Debug|iPhone.Deploy.0 = Debug|Any CPU
		{DD565025-018E-45D5-9508-8E2F3024708F}.Debug|iPhoneSimulator.ActiveCfg = Debug|Any CPU
		{DD565025-018E-45D5-9508-8E2F3024708F}.Debug|iPhoneSimulator.Build.0 = Debug|Any CPU
		{DD565025-018E-45D5-9508-8E2F3024708F}.Debug|iPhoneSimulator.Deploy.0 = Debug|Any CPU
		{DD565025-018E-45D5-9508-8E2F3024708F}.Debug|x64.ActiveCfg = Debug|Any CPU
		{DD565025-018E-45D5-9508-8E2F3024708F}.Debug|x64.Build.0 = Debug|Any CPU
		{DD565025-018E-45D5-9508-8E2F3024708F}.Debug|x64.Deploy.0 = Debug|Any CPU
		{DD565025-018E-45D5-9508-8E2F3024708F}.Debug|x86.ActiveCfg = Debug|Any CPU
		{DD565025-018E-45D5-9508-8E2F3024708F}.Debug|x86.Build.0 = Debug|Any CPU
		{DD565025-018E-45D5-9508-8E2F3024708F}.Debug|x86.Deploy.0 = Debug|Any CPU
		{DD565025-018E-45D5-9508-8E2F3024708F}.Release|Any CPU.ActiveCfg = Release|Any CPU
		{DD565025-018E-45D5-9508-8E2F3024708F}.Release|Any CPU.Build.0 = Release|Any CPU
		{DD565025-018E-45D5-9508-8E2F3024708F}.Release|Any CPU.Deploy.0 = Release|Any CPU
		{DD565025-018E-45D5-9508-8E2F3024708F}.Release|ARM.ActiveCfg = Release|Any CPU
		{DD565025-018E-45D5-9508-8E2F3024708F}.Release|ARM.Build.0 = Release|Any CPU
		{DD565025-018E-45D5-9508-8E2F3024708F}.Release|ARM.Deploy.0 = Release|Any CPU
		{DD565025-018E-45D5-9508-8E2F3024708F}.Release|iPhone.ActiveCfg = Release|Any CPU
		{DD565025-018E-45D5-9508-8E2F3024708F}.Release|iPhone.Build.0 = Release|Any CPU
		{DD565025-018E-45D5-9508-8E2F3024708F}.Release|iPhone.Deploy.0 = Release|Any CPU
		{DD565025-018E-45D5-9508-8E2F3024708F}.Release|iPhoneSimulator.ActiveCfg = Release|Any CPU
		{DD565025-018E-45D5-9508-8E2F3024708F}.Release|iPhoneSimulator.Build.0 = Release|Any CPU
		{DD565025-018E-45D5-9508-8E2F3024708F}.Release|iPhoneSimulator.Deploy.0 = Release|Any CPU
		{DD565025-018E-45D5-9508-8E2F3024708F}.Release|x64.ActiveCfg = Release|Any CPU
		{DD565025-018E-45D5-9508-8E2F3024708F}.Release|x64.Build.0 = Release|Any CPU
		{DD565025-018E-45D5-9508-8E2F3024708F}.Release|x64.Deploy.0 = Release|Any CPU
		{DD565025-018E-45D5-9508-8E2F3024708F}.Release|x86.ActiveCfg = Release|Any CPU
		{DD565025-018E-45D5-9508-8E2F3024708F}.Release|x86.Build.0 = Release|Any CPU
		{DD565025-018E-45D5-9508-8E2F3024708F}.Release|x86.Deploy.0 = Release|Any CPU
		{205E36BF-AA12-453F-8919-67037A191E10}.Ad-Hoc|Any CPU.ActiveCfg = Debug|Any CPU
		{205E36BF-AA12-453F-8919-67037A191E10}.Ad-Hoc|Any CPU.Build.0 = Debug|Any CPU
		{205E36BF-AA12-453F-8919-67037A191E10}.Ad-Hoc|ARM.ActiveCfg = Debug|Any CPU
		{205E36BF-AA12-453F-8919-67037A191E10}.Ad-Hoc|ARM.Build.0 = Debug|Any CPU
		{205E36BF-AA12-453F-8919-67037A191E10}.Ad-Hoc|iPhone.ActiveCfg = Debug|Any CPU
		{205E36BF-AA12-453F-8919-67037A191E10}.Ad-Hoc|iPhone.Build.0 = Debug|Any CPU
		{205E36BF-AA12-453F-8919-67037A191E10}.Ad-Hoc|iPhoneSimulator.ActiveCfg = Debug|Any CPU
		{205E36BF-AA12-453F-8919-67037A191E10}.Ad-Hoc|iPhoneSimulator.Build.0 = Debug|Any CPU
		{205E36BF-AA12-453F-8919-67037A191E10}.Ad-Hoc|x64.ActiveCfg = Debug|Any CPU
		{205E36BF-AA12-453F-8919-67037A191E10}.Ad-Hoc|x64.Build.0 = Debug|Any CPU
		{205E36BF-AA12-453F-8919-67037A191E10}.Ad-Hoc|x86.ActiveCfg = Debug|Any CPU
		{205E36BF-AA12-453F-8919-67037A191E10}.Ad-Hoc|x86.Build.0 = Debug|Any CPU
		{205E36BF-AA12-453F-8919-67037A191E10}.AppStore|Any CPU.ActiveCfg = Debug|Any CPU
		{205E36BF-AA12-453F-8919-67037A191E10}.AppStore|Any CPU.Build.0 = Debug|Any CPU
		{205E36BF-AA12-453F-8919-67037A191E10}.AppStore|ARM.ActiveCfg = Debug|Any CPU
		{205E36BF-AA12-453F-8919-67037A191E10}.AppStore|ARM.Build.0 = Debug|Any CPU
		{205E36BF-AA12-453F-8919-67037A191E10}.AppStore|iPhone.ActiveCfg = Debug|Any CPU
		{205E36BF-AA12-453F-8919-67037A191E10}.AppStore|iPhone.Build.0 = Debug|Any CPU
		{205E36BF-AA12-453F-8919-67037A191E10}.AppStore|iPhoneSimulator.ActiveCfg = Debug|Any CPU
		{205E36BF-AA12-453F-8919-67037A191E10}.AppStore|iPhoneSimulator.Build.0 = Debug|Any CPU
		{205E36BF-AA12-453F-8919-67037A191E10}.AppStore|x64.ActiveCfg = Debug|Any CPU
		{205E36BF-AA12-453F-8919-67037A191E10}.AppStore|x64.Build.0 = Debug|Any CPU
		{205E36BF-AA12-453F-8919-67037A191E10}.AppStore|x86.ActiveCfg = Debug|Any CPU
		{205E36BF-AA12-453F-8919-67037A191E10}.AppStore|x86.Build.0 = Debug|Any CPU
		{205E36BF-AA12-453F-8919-67037A191E10}.Debug|Any CPU.ActiveCfg = Debug|Any CPU
		{205E36BF-AA12-453F-8919-67037A191E10}.Debug|Any CPU.Build.0 = Debug|Any CPU
		{205E36BF-AA12-453F-8919-67037A191E10}.Debug|ARM.ActiveCfg = Debug|Any CPU
		{205E36BF-AA12-453F-8919-67037A191E10}.Debug|ARM.Build.0 = Debug|Any CPU
		{205E36BF-AA12-453F-8919-67037A191E10}.Debug|iPhone.ActiveCfg = Debug|Any CPU
		{205E36BF-AA12-453F-8919-67037A191E10}.Debug|iPhone.Build.0 = Debug|Any CPU
		{205E36BF-AA12-453F-8919-67037A191E10}.Debug|iPhoneSimulator.ActiveCfg = Debug|Any CPU
		{205E36BF-AA12-453F-8919-67037A191E10}.Debug|iPhoneSimulator.Build.0 = Debug|Any CPU
		{205E36BF-AA12-453F-8919-67037A191E10}.Debug|x64.ActiveCfg = Debug|Any CPU
		{205E36BF-AA12-453F-8919-67037A191E10}.Debug|x64.Build.0 = Debug|Any CPU
		{205E36BF-AA12-453F-8919-67037A191E10}.Debug|x86.ActiveCfg = Debug|Any CPU
		{205E36BF-AA12-453F-8919-67037A191E10}.Debug|x86.Build.0 = Debug|Any CPU
		{205E36BF-AA12-453F-8919-67037A191E10}.Release|Any CPU.ActiveCfg = Release|Any CPU
		{205E36BF-AA12-453F-8919-67037A191E10}.Release|Any CPU.Build.0 = Release|Any CPU
		{205E36BF-AA12-453F-8919-67037A191E10}.Release|ARM.ActiveCfg = Release|Any CPU
		{205E36BF-AA12-453F-8919-67037A191E10}.Release|ARM.Build.0 = Release|Any CPU
		{205E36BF-AA12-453F-8919-67037A191E10}.Release|iPhone.ActiveCfg = Release|Any CPU
		{205E36BF-AA12-453F-8919-67037A191E10}.Release|iPhone.Build.0 = Release|Any CPU
		{205E36BF-AA12-453F-8919-67037A191E10}.Release|iPhoneSimulator.ActiveCfg = Release|Any CPU
		{205E36BF-AA12-453F-8919-67037A191E10}.Release|iPhoneSimulator.Build.0 = Release|Any CPU
		{205E36BF-AA12-453F-8919-67037A191E10}.Release|x64.ActiveCfg = Release|Any CPU
		{205E36BF-AA12-453F-8919-67037A191E10}.Release|x64.Build.0 = Release|Any CPU
		{205E36BF-AA12-453F-8919-67037A191E10}.Release|x86.ActiveCfg = Release|Any CPU
		{205E36BF-AA12-453F-8919-67037A191E10}.Release|x86.Build.0 = Release|Any CPU
		{197EF063-61C8-4800-AFC9-B5B3AFA2C57E}.Ad-Hoc|Any CPU.ActiveCfg = Debug|Any CPU
		{197EF063-61C8-4800-AFC9-B5B3AFA2C57E}.Ad-Hoc|Any CPU.Build.0 = Debug|Any CPU
		{197EF063-61C8-4800-AFC9-B5B3AFA2C57E}.Ad-Hoc|ARM.ActiveCfg = Debug|Any CPU
		{197EF063-61C8-4800-AFC9-B5B3AFA2C57E}.Ad-Hoc|ARM.Build.0 = Debug|Any CPU
		{197EF063-61C8-4800-AFC9-B5B3AFA2C57E}.Ad-Hoc|iPhone.ActiveCfg = Debug|Any CPU
		{197EF063-61C8-4800-AFC9-B5B3AFA2C57E}.Ad-Hoc|iPhone.Build.0 = Debug|Any CPU
		{197EF063-61C8-4800-AFC9-B5B3AFA2C57E}.Ad-Hoc|iPhoneSimulator.ActiveCfg = Debug|Any CPU
		{197EF063-61C8-4800-AFC9-B5B3AFA2C57E}.Ad-Hoc|iPhoneSimulator.Build.0 = Debug|Any CPU
		{197EF063-61C8-4800-AFC9-B5B3AFA2C57E}.Ad-Hoc|x64.ActiveCfg = Debug|Any CPU
		{197EF063-61C8-4800-AFC9-B5B3AFA2C57E}.Ad-Hoc|x64.Build.0 = Debug|Any CPU
		{197EF063-61C8-4800-AFC9-B5B3AFA2C57E}.Ad-Hoc|x86.ActiveCfg = Debug|Any CPU
		{197EF063-61C8-4800-AFC9-B5B3AFA2C57E}.Ad-Hoc|x86.Build.0 = Debug|Any CPU
		{197EF063-61C8-4800-AFC9-B5B3AFA2C57E}.AppStore|Any CPU.ActiveCfg = Debug|Any CPU
		{197EF063-61C8-4800-AFC9-B5B3AFA2C57E}.AppStore|Any CPU.Build.0 = Debug|Any CPU
		{197EF063-61C8-4800-AFC9-B5B3AFA2C57E}.AppStore|ARM.ActiveCfg = Debug|Any CPU
		{197EF063-61C8-4800-AFC9-B5B3AFA2C57E}.AppStore|ARM.Build.0 = Debug|Any CPU
		{197EF063-61C8-4800-AFC9-B5B3AFA2C57E}.AppStore|iPhone.ActiveCfg = Debug|Any CPU
		{197EF063-61C8-4800-AFC9-B5B3AFA2C57E}.AppStore|iPhone.Build.0 = Debug|Any CPU
		{197EF063-61C8-4800-AFC9-B5B3AFA2C57E}.AppStore|iPhoneSimulator.ActiveCfg = Debug|Any CPU
		{197EF063-61C8-4800-AFC9-B5B3AFA2C57E}.AppStore|iPhoneSimulator.Build.0 = Debug|Any CPU
		{197EF063-61C8-4800-AFC9-B5B3AFA2C57E}.AppStore|x64.ActiveCfg = Debug|Any CPU
		{197EF063-61C8-4800-AFC9-B5B3AFA2C57E}.AppStore|x64.Build.0 = Debug|Any CPU
		{197EF063-61C8-4800-AFC9-B5B3AFA2C57E}.AppStore|x86.ActiveCfg = Debug|Any CPU
		{197EF063-61C8-4800-AFC9-B5B3AFA2C57E}.AppStore|x86.Build.0 = Debug|Any CPU
		{197EF063-61C8-4800-AFC9-B5B3AFA2C57E}.Debug|Any CPU.ActiveCfg = Debug|Any CPU
		{197EF063-61C8-4800-AFC9-B5B3AFA2C57E}.Debug|Any CPU.Build.0 = Debug|Any CPU
		{197EF063-61C8-4800-AFC9-B5B3AFA2C57E}.Debug|ARM.ActiveCfg = Debug|Any CPU
		{197EF063-61C8-4800-AFC9-B5B3AFA2C57E}.Debug|ARM.Build.0 = Debug|Any CPU
		{197EF063-61C8-4800-AFC9-B5B3AFA2C57E}.Debug|iPhone.ActiveCfg = Debug|Any CPU
		{197EF063-61C8-4800-AFC9-B5B3AFA2C57E}.Debug|iPhone.Build.0 = Debug|Any CPU
		{197EF063-61C8-4800-AFC9-B5B3AFA2C57E}.Debug|iPhoneSimulator.ActiveCfg = Debug|Any CPU
		{197EF063-61C8-4800-AFC9-B5B3AFA2C57E}.Debug|iPhoneSimulator.Build.0 = Debug|Any CPU
		{197EF063-61C8-4800-AFC9-B5B3AFA2C57E}.Debug|x64.ActiveCfg = Debug|Any CPU
		{197EF063-61C8-4800-AFC9-B5B3AFA2C57E}.Debug|x64.Build.0 = Debug|Any CPU
		{197EF063-61C8-4800-AFC9-B5B3AFA2C57E}.Debug|x86.ActiveCfg = Debug|Any CPU
		{197EF063-61C8-4800-AFC9-B5B3AFA2C57E}.Debug|x86.Build.0 = Debug|Any CPU
		{197EF063-61C8-4800-AFC9-B5B3AFA2C57E}.Release|Any CPU.ActiveCfg = Release|Any CPU
		{197EF063-61C8-4800-AFC9-B5B3AFA2C57E}.Release|Any CPU.Build.0 = Release|Any CPU
		{197EF063-61C8-4800-AFC9-B5B3AFA2C57E}.Release|ARM.ActiveCfg = Release|Any CPU
		{197EF063-61C8-4800-AFC9-B5B3AFA2C57E}.Release|ARM.Build.0 = Release|Any CPU
		{197EF063-61C8-4800-AFC9-B5B3AFA2C57E}.Release|iPhone.ActiveCfg = Release|Any CPU
		{197EF063-61C8-4800-AFC9-B5B3AFA2C57E}.Release|iPhone.Build.0 = Release|Any CPU
		{197EF063-61C8-4800-AFC9-B5B3AFA2C57E}.Release|iPhoneSimulator.ActiveCfg = Release|Any CPU
		{197EF063-61C8-4800-AFC9-B5B3AFA2C57E}.Release|iPhoneSimulator.Build.0 = Release|Any CPU
		{197EF063-61C8-4800-AFC9-B5B3AFA2C57E}.Release|x64.ActiveCfg = Release|Any CPU
		{197EF063-61C8-4800-AFC9-B5B3AFA2C57E}.Release|x64.Build.0 = Release|Any CPU
		{197EF063-61C8-4800-AFC9-B5B3AFA2C57E}.Release|x86.ActiveCfg = Release|Any CPU
		{197EF063-61C8-4800-AFC9-B5B3AFA2C57E}.Release|x86.Build.0 = Release|Any CPU
		{F3257882-4D98-4557-AD1C-AB7C229C2E28}.Ad-Hoc|Any CPU.ActiveCfg = Debug|Any CPU
		{F3257882-4D98-4557-AD1C-AB7C229C2E28}.Ad-Hoc|Any CPU.Build.0 = Debug|Any CPU
		{F3257882-4D98-4557-AD1C-AB7C229C2E28}.Ad-Hoc|ARM.ActiveCfg = Debug|Any CPU
		{F3257882-4D98-4557-AD1C-AB7C229C2E28}.Ad-Hoc|ARM.Build.0 = Debug|Any CPU
		{F3257882-4D98-4557-AD1C-AB7C229C2E28}.Ad-Hoc|iPhone.ActiveCfg = Debug|Any CPU
		{F3257882-4D98-4557-AD1C-AB7C229C2E28}.Ad-Hoc|iPhone.Build.0 = Debug|Any CPU
		{F3257882-4D98-4557-AD1C-AB7C229C2E28}.Ad-Hoc|iPhoneSimulator.ActiveCfg = Debug|Any CPU
		{F3257882-4D98-4557-AD1C-AB7C229C2E28}.Ad-Hoc|iPhoneSimulator.Build.0 = Debug|Any CPU
		{F3257882-4D98-4557-AD1C-AB7C229C2E28}.Ad-Hoc|x64.ActiveCfg = Debug|Any CPU
		{F3257882-4D98-4557-AD1C-AB7C229C2E28}.Ad-Hoc|x64.Build.0 = Debug|Any CPU
		{F3257882-4D98-4557-AD1C-AB7C229C2E28}.Ad-Hoc|x86.ActiveCfg = Debug|Any CPU
		{F3257882-4D98-4557-AD1C-AB7C229C2E28}.Ad-Hoc|x86.Build.0 = Debug|Any CPU
		{F3257882-4D98-4557-AD1C-AB7C229C2E28}.AppStore|Any CPU.ActiveCfg = Debug|Any CPU
		{F3257882-4D98-4557-AD1C-AB7C229C2E28}.AppStore|Any CPU.Build.0 = Debug|Any CPU
		{F3257882-4D98-4557-AD1C-AB7C229C2E28}.AppStore|ARM.ActiveCfg = Debug|Any CPU
		{F3257882-4D98-4557-AD1C-AB7C229C2E28}.AppStore|ARM.Build.0 = Debug|Any CPU
		{F3257882-4D98-4557-AD1C-AB7C229C2E28}.AppStore|iPhone.ActiveCfg = Debug|Any CPU
		{F3257882-4D98-4557-AD1C-AB7C229C2E28}.AppStore|iPhone.Build.0 = Debug|Any CPU
		{F3257882-4D98-4557-AD1C-AB7C229C2E28}.AppStore|iPhoneSimulator.ActiveCfg = Debug|Any CPU
		{F3257882-4D98-4557-AD1C-AB7C229C2E28}.AppStore|iPhoneSimulator.Build.0 = Debug|Any CPU
		{F3257882-4D98-4557-AD1C-AB7C229C2E28}.AppStore|x64.ActiveCfg = Debug|Any CPU
		{F3257882-4D98-4557-AD1C-AB7C229C2E28}.AppStore|x64.Build.0 = Debug|Any CPU
		{F3257882-4D98-4557-AD1C-AB7C229C2E28}.AppStore|x86.ActiveCfg = Debug|Any CPU
		{F3257882-4D98-4557-AD1C-AB7C229C2E28}.AppStore|x86.Build.0 = Debug|Any CPU
		{F3257882-4D98-4557-AD1C-AB7C229C2E28}.Debug|Any CPU.ActiveCfg = Debug|Any CPU
		{F3257882-4D98-4557-AD1C-AB7C229C2E28}.Debug|Any CPU.Build.0 = Debug|Any CPU
		{F3257882-4D98-4557-AD1C-AB7C229C2E28}.Debug|ARM.ActiveCfg = Debug|Any CPU
		{F3257882-4D98-4557-AD1C-AB7C229C2E28}.Debug|ARM.Build.0 = Debug|Any CPU
		{F3257882-4D98-4557-AD1C-AB7C229C2E28}.Debug|iPhone.ActiveCfg = Debug|Any CPU
		{F3257882-4D98-4557-AD1C-AB7C229C2E28}.Debug|iPhone.Build.0 = Debug|Any CPU
		{F3257882-4D98-4557-AD1C-AB7C229C2E28}.Debug|iPhoneSimulator.ActiveCfg = Debug|Any CPU
		{F3257882-4D98-4557-AD1C-AB7C229C2E28}.Debug|iPhoneSimulator.Build.0 = Debug|Any CPU
		{F3257882-4D98-4557-AD1C-AB7C229C2E28}.Debug|x64.ActiveCfg = Debug|Any CPU
		{F3257882-4D98-4557-AD1C-AB7C229C2E28}.Debug|x64.Build.0 = Debug|Any CPU
		{F3257882-4D98-4557-AD1C-AB7C229C2E28}.Debug|x86.ActiveCfg = Debug|Any CPU
		{F3257882-4D98-4557-AD1C-AB7C229C2E28}.Debug|x86.Build.0 = Debug|Any CPU
		{F3257882-4D98-4557-AD1C-AB7C229C2E28}.Release|Any CPU.ActiveCfg = Release|Any CPU
		{F3257882-4D98-4557-AD1C-AB7C229C2E28}.Release|Any CPU.Build.0 = Release|Any CPU
		{F3257882-4D98-4557-AD1C-AB7C229C2E28}.Release|ARM.ActiveCfg = Release|Any CPU
		{F3257882-4D98-4557-AD1C-AB7C229C2E28}.Release|ARM.Build.0 = Release|Any CPU
		{F3257882-4D98-4557-AD1C-AB7C229C2E28}.Release|iPhone.ActiveCfg = Release|Any CPU
		{F3257882-4D98-4557-AD1C-AB7C229C2E28}.Release|iPhone.Build.0 = Release|Any CPU
		{F3257882-4D98-4557-AD1C-AB7C229C2E28}.Release|iPhoneSimulator.ActiveCfg = Release|Any CPU
		{F3257882-4D98-4557-AD1C-AB7C229C2E28}.Release|iPhoneSimulator.Build.0 = Release|Any CPU
		{F3257882-4D98-4557-AD1C-AB7C229C2E28}.Release|x64.ActiveCfg = Release|Any CPU
		{F3257882-4D98-4557-AD1C-AB7C229C2E28}.Release|x64.Build.0 = Release|Any CPU
		{F3257882-4D98-4557-AD1C-AB7C229C2E28}.Release|x86.ActiveCfg = Release|Any CPU
		{F3257882-4D98-4557-AD1C-AB7C229C2E28}.Release|x86.Build.0 = Release|Any CPU
		{F3F7D1CA-B454-446F-8530-839DA97D4CF6}.Ad-Hoc|Any CPU.ActiveCfg = Debug|x64
		{F3F7D1CA-B454-446F-8530-839DA97D4CF6}.Ad-Hoc|Any CPU.Build.0 = Debug|x64
		{F3F7D1CA-B454-446F-8530-839DA97D4CF6}.Ad-Hoc|Any CPU.Deploy.0 = Debug|x64
		{F3F7D1CA-B454-446F-8530-839DA97D4CF6}.Ad-Hoc|ARM.ActiveCfg = Debug|ARM
		{F3F7D1CA-B454-446F-8530-839DA97D4CF6}.Ad-Hoc|ARM.Build.0 = Debug|ARM
		{F3F7D1CA-B454-446F-8530-839DA97D4CF6}.Ad-Hoc|ARM.Deploy.0 = Debug|ARM
		{F3F7D1CA-B454-446F-8530-839DA97D4CF6}.Ad-Hoc|iPhone.ActiveCfg = Debug|x64
		{F3F7D1CA-B454-446F-8530-839DA97D4CF6}.Ad-Hoc|iPhone.Build.0 = Debug|x64
		{F3F7D1CA-B454-446F-8530-839DA97D4CF6}.Ad-Hoc|iPhone.Deploy.0 = Debug|x64
		{F3F7D1CA-B454-446F-8530-839DA97D4CF6}.Ad-Hoc|iPhoneSimulator.ActiveCfg = Debug|x64
		{F3F7D1CA-B454-446F-8530-839DA97D4CF6}.Ad-Hoc|iPhoneSimulator.Build.0 = Debug|x64
		{F3F7D1CA-B454-446F-8530-839DA97D4CF6}.Ad-Hoc|iPhoneSimulator.Deploy.0 = Debug|x64
		{F3F7D1CA-B454-446F-8530-839DA97D4CF6}.Ad-Hoc|x64.ActiveCfg = Debug|x64
		{F3F7D1CA-B454-446F-8530-839DA97D4CF6}.Ad-Hoc|x64.Build.0 = Debug|x64
		{F3F7D1CA-B454-446F-8530-839DA97D4CF6}.Ad-Hoc|x64.Deploy.0 = Debug|x64
		{F3F7D1CA-B454-446F-8530-839DA97D4CF6}.Ad-Hoc|x86.ActiveCfg = Debug|x86
		{F3F7D1CA-B454-446F-8530-839DA97D4CF6}.Ad-Hoc|x86.Build.0 = Debug|x86
		{F3F7D1CA-B454-446F-8530-839DA97D4CF6}.Ad-Hoc|x86.Deploy.0 = Debug|x86
		{F3F7D1CA-B454-446F-8530-839DA97D4CF6}.AppStore|Any CPU.ActiveCfg = Debug|x64
		{F3F7D1CA-B454-446F-8530-839DA97D4CF6}.AppStore|Any CPU.Build.0 = Debug|x64
		{F3F7D1CA-B454-446F-8530-839DA97D4CF6}.AppStore|Any CPU.Deploy.0 = Debug|x64
		{F3F7D1CA-B454-446F-8530-839DA97D4CF6}.AppStore|ARM.ActiveCfg = Debug|ARM
		{F3F7D1CA-B454-446F-8530-839DA97D4CF6}.AppStore|ARM.Build.0 = Debug|ARM
		{F3F7D1CA-B454-446F-8530-839DA97D4CF6}.AppStore|ARM.Deploy.0 = Debug|ARM
		{F3F7D1CA-B454-446F-8530-839DA97D4CF6}.AppStore|iPhone.ActiveCfg = Debug|x64
		{F3F7D1CA-B454-446F-8530-839DA97D4CF6}.AppStore|iPhone.Build.0 = Debug|x64
		{F3F7D1CA-B454-446F-8530-839DA97D4CF6}.AppStore|iPhone.Deploy.0 = Debug|x64
		{F3F7D1CA-B454-446F-8530-839DA97D4CF6}.AppStore|iPhoneSimulator.ActiveCfg = Debug|x64
		{F3F7D1CA-B454-446F-8530-839DA97D4CF6}.AppStore|iPhoneSimulator.Build.0 = Debug|x64
		{F3F7D1CA-B454-446F-8530-839DA97D4CF6}.AppStore|iPhoneSimulator.Deploy.0 = Debug|x64
		{F3F7D1CA-B454-446F-8530-839DA97D4CF6}.AppStore|x64.ActiveCfg = Debug|x64
		{F3F7D1CA-B454-446F-8530-839DA97D4CF6}.AppStore|x64.Build.0 = Debug|x64
		{F3F7D1CA-B454-446F-8530-839DA97D4CF6}.AppStore|x64.Deploy.0 = Debug|x64
		{F3F7D1CA-B454-446F-8530-839DA97D4CF6}.AppStore|x86.ActiveCfg = Debug|x86
		{F3F7D1CA-B454-446F-8530-839DA97D4CF6}.AppStore|x86.Build.0 = Debug|x86
		{F3F7D1CA-B454-446F-8530-839DA97D4CF6}.AppStore|x86.Deploy.0 = Debug|x86
		{F3F7D1CA-B454-446F-8530-839DA97D4CF6}.Debug|Any CPU.ActiveCfg = Debug|x64
		{F3F7D1CA-B454-446F-8530-839DA97D4CF6}.Debug|Any CPU.Build.0 = Debug|x64
		{F3F7D1CA-B454-446F-8530-839DA97D4CF6}.Debug|Any CPU.Deploy.0 = Debug|x64
		{F3F7D1CA-B454-446F-8530-839DA97D4CF6}.Debug|ARM.ActiveCfg = Debug|ARM
		{F3F7D1CA-B454-446F-8530-839DA97D4CF6}.Debug|ARM.Build.0 = Debug|ARM
		{F3F7D1CA-B454-446F-8530-839DA97D4CF6}.Debug|ARM.Deploy.0 = Debug|ARM
		{F3F7D1CA-B454-446F-8530-839DA97D4CF6}.Debug|iPhone.ActiveCfg = Debug|x64
		{F3F7D1CA-B454-446F-8530-839DA97D4CF6}.Debug|iPhone.Build.0 = Debug|x64
		{F3F7D1CA-B454-446F-8530-839DA97D4CF6}.Debug|iPhone.Deploy.0 = Debug|x64
		{F3F7D1CA-B454-446F-8530-839DA97D4CF6}.Debug|iPhoneSimulator.ActiveCfg = Debug|x64
		{F3F7D1CA-B454-446F-8530-839DA97D4CF6}.Debug|iPhoneSimulator.Build.0 = Debug|x64
		{F3F7D1CA-B454-446F-8530-839DA97D4CF6}.Debug|iPhoneSimulator.Deploy.0 = Debug|x64
		{F3F7D1CA-B454-446F-8530-839DA97D4CF6}.Debug|x64.ActiveCfg = Debug|x64
		{F3F7D1CA-B454-446F-8530-839DA97D4CF6}.Debug|x64.Build.0 = Debug|x64
		{F3F7D1CA-B454-446F-8530-839DA97D4CF6}.Debug|x64.Deploy.0 = Debug|x64
		{F3F7D1CA-B454-446F-8530-839DA97D4CF6}.Debug|x86.ActiveCfg = Debug|x86
		{F3F7D1CA-B454-446F-8530-839DA97D4CF6}.Debug|x86.Build.0 = Debug|x86
		{F3F7D1CA-B454-446F-8530-839DA97D4CF6}.Debug|x86.Deploy.0 = Debug|x86
		{F3F7D1CA-B454-446F-8530-839DA97D4CF6}.Release|Any CPU.ActiveCfg = Release|x64
		{F3F7D1CA-B454-446F-8530-839DA97D4CF6}.Release|Any CPU.Build.0 = Release|x64
		{F3F7D1CA-B454-446F-8530-839DA97D4CF6}.Release|Any CPU.Deploy.0 = Release|x64
		{F3F7D1CA-B454-446F-8530-839DA97D4CF6}.Release|ARM.ActiveCfg = Release|ARM
		{F3F7D1CA-B454-446F-8530-839DA97D4CF6}.Release|ARM.Build.0 = Release|ARM
		{F3F7D1CA-B454-446F-8530-839DA97D4CF6}.Release|ARM.Deploy.0 = Release|ARM
		{F3F7D1CA-B454-446F-8530-839DA97D4CF6}.Release|iPhone.ActiveCfg = Release|x64
		{F3F7D1CA-B454-446F-8530-839DA97D4CF6}.Release|iPhone.Build.0 = Release|x64
		{F3F7D1CA-B454-446F-8530-839DA97D4CF6}.Release|iPhone.Deploy.0 = Release|x64
		{F3F7D1CA-B454-446F-8530-839DA97D4CF6}.Release|iPhoneSimulator.ActiveCfg = Release|x64
		{F3F7D1CA-B454-446F-8530-839DA97D4CF6}.Release|iPhoneSimulator.Build.0 = Release|x64
		{F3F7D1CA-B454-446F-8530-839DA97D4CF6}.Release|iPhoneSimulator.Deploy.0 = Release|x64
		{F3F7D1CA-B454-446F-8530-839DA97D4CF6}.Release|x64.ActiveCfg = Release|x64
		{F3F7D1CA-B454-446F-8530-839DA97D4CF6}.Release|x64.Build.0 = Release|x64
		{F3F7D1CA-B454-446F-8530-839DA97D4CF6}.Release|x64.Deploy.0 = Release|x64
		{F3F7D1CA-B454-446F-8530-839DA97D4CF6}.Release|x86.ActiveCfg = Release|x86
		{F3F7D1CA-B454-446F-8530-839DA97D4CF6}.Release|x86.Build.0 = Release|x86
		{F3F7D1CA-B454-446F-8530-839DA97D4CF6}.Release|x86.Deploy.0 = Release|x86
		{F4861F88-935C-4396-8BEA-042E065F630C}.Ad-Hoc|Any CPU.ActiveCfg = Ad-Hoc|iPhoneSimulator
		{F4861F88-935C-4396-8BEA-042E065F630C}.Ad-Hoc|Any CPU.Build.0 = Ad-Hoc|iPhoneSimulator
		{F4861F88-935C-4396-8BEA-042E065F630C}.Ad-Hoc|ARM.ActiveCfg = Ad-Hoc|iPhoneSimulator
		{F4861F88-935C-4396-8BEA-042E065F630C}.Ad-Hoc|ARM.Build.0 = Ad-Hoc|iPhoneSimulator
		{F4861F88-935C-4396-8BEA-042E065F630C}.Ad-Hoc|iPhone.ActiveCfg = Ad-Hoc|iPhone
		{F4861F88-935C-4396-8BEA-042E065F630C}.Ad-Hoc|iPhone.Build.0 = Ad-Hoc|iPhone
		{F4861F88-935C-4396-8BEA-042E065F630C}.Ad-Hoc|iPhoneSimulator.ActiveCfg = Ad-Hoc|iPhoneSimulator
		{F4861F88-935C-4396-8BEA-042E065F630C}.Ad-Hoc|iPhoneSimulator.Build.0 = Ad-Hoc|iPhoneSimulator
		{F4861F88-935C-4396-8BEA-042E065F630C}.Ad-Hoc|x64.ActiveCfg = Ad-Hoc|iPhoneSimulator
		{F4861F88-935C-4396-8BEA-042E065F630C}.Ad-Hoc|x64.Build.0 = Ad-Hoc|iPhoneSimulator
		{F4861F88-935C-4396-8BEA-042E065F630C}.Ad-Hoc|x86.ActiveCfg = Ad-Hoc|iPhoneSimulator
		{F4861F88-935C-4396-8BEA-042E065F630C}.Ad-Hoc|x86.Build.0 = Ad-Hoc|iPhoneSimulator
		{F4861F88-935C-4396-8BEA-042E065F630C}.AppStore|Any CPU.ActiveCfg = AppStore|iPhoneSimulator
		{F4861F88-935C-4396-8BEA-042E065F630C}.AppStore|Any CPU.Build.0 = AppStore|iPhoneSimulator
		{F4861F88-935C-4396-8BEA-042E065F630C}.AppStore|ARM.ActiveCfg = AppStore|iPhoneSimulator
		{F4861F88-935C-4396-8BEA-042E065F630C}.AppStore|ARM.Build.0 = AppStore|iPhoneSimulator
		{F4861F88-935C-4396-8BEA-042E065F630C}.AppStore|iPhone.ActiveCfg = AppStore|iPhone
		{F4861F88-935C-4396-8BEA-042E065F630C}.AppStore|iPhone.Build.0 = AppStore|iPhone
		{F4861F88-935C-4396-8BEA-042E065F630C}.AppStore|iPhoneSimulator.ActiveCfg = AppStore|iPhoneSimulator
		{F4861F88-935C-4396-8BEA-042E065F630C}.AppStore|iPhoneSimulator.Build.0 = AppStore|iPhoneSimulator
		{F4861F88-935C-4396-8BEA-042E065F630C}.AppStore|x64.ActiveCfg = AppStore|iPhoneSimulator
		{F4861F88-935C-4396-8BEA-042E065F630C}.AppStore|x64.Build.0 = AppStore|iPhoneSimulator
		{F4861F88-935C-4396-8BEA-042E065F630C}.AppStore|x86.ActiveCfg = AppStore|iPhoneSimulator
		{F4861F88-935C-4396-8BEA-042E065F630C}.AppStore|x86.Build.0 = AppStore|iPhoneSimulator
		{F4861F88-935C-4396-8BEA-042E065F630C}.Debug|Any CPU.ActiveCfg = Debug|iPhoneSimulator
		{F4861F88-935C-4396-8BEA-042E065F630C}.Debug|Any CPU.Build.0 = Debug|iPhoneSimulator
		{F4861F88-935C-4396-8BEA-042E065F630C}.Debug|ARM.ActiveCfg = Debug|iPhoneSimulator
		{F4861F88-935C-4396-8BEA-042E065F630C}.Debug|ARM.Build.0 = Debug|iPhoneSimulator
		{F4861F88-935C-4396-8BEA-042E065F630C}.Debug|iPhone.ActiveCfg = Debug|iPhone
		{F4861F88-935C-4396-8BEA-042E065F630C}.Debug|iPhone.Build.0 = Debug|iPhone
		{F4861F88-935C-4396-8BEA-042E065F630C}.Debug|iPhoneSimulator.ActiveCfg = Debug|iPhoneSimulator
		{F4861F88-935C-4396-8BEA-042E065F630C}.Debug|iPhoneSimulator.Build.0 = Debug|iPhoneSimulator
		{F4861F88-935C-4396-8BEA-042E065F630C}.Debug|x64.ActiveCfg = Debug|iPhoneSimulator
		{F4861F88-935C-4396-8BEA-042E065F630C}.Debug|x64.Build.0 = Debug|iPhoneSimulator
		{F4861F88-935C-4396-8BEA-042E065F630C}.Debug|x86.ActiveCfg = Debug|iPhoneSimulator
		{F4861F88-935C-4396-8BEA-042E065F630C}.Debug|x86.Build.0 = Debug|iPhoneSimulator
		{F4861F88-935C-4396-8BEA-042E065F630C}.Release|Any CPU.ActiveCfg = Release|iPhoneSimulator
		{F4861F88-935C-4396-8BEA-042E065F630C}.Release|Any CPU.Build.0 = Release|iPhoneSimulator
		{F4861F88-935C-4396-8BEA-042E065F630C}.Release|ARM.ActiveCfg = Release|iPhoneSimulator
		{F4861F88-935C-4396-8BEA-042E065F630C}.Release|ARM.Build.0 = Release|iPhoneSimulator
		{F4861F88-935C-4396-8BEA-042E065F630C}.Release|iPhone.ActiveCfg = Release|iPhone
		{F4861F88-935C-4396-8BEA-042E065F630C}.Release|iPhone.Build.0 = Release|iPhone
		{F4861F88-935C-4396-8BEA-042E065F630C}.Release|iPhoneSimulator.ActiveCfg = Release|iPhoneSimulator
		{F4861F88-935C-4396-8BEA-042E065F630C}.Release|iPhoneSimulator.Build.0 = Release|iPhoneSimulator
		{F4861F88-935C-4396-8BEA-042E065F630C}.Release|x64.ActiveCfg = Release|iPhoneSimulator
		{F4861F88-935C-4396-8BEA-042E065F630C}.Release|x64.Build.0 = Release|iPhoneSimulator
		{F4861F88-935C-4396-8BEA-042E065F630C}.Release|x86.ActiveCfg = Release|iPhoneSimulator
		{F4861F88-935C-4396-8BEA-042E065F630C}.Release|x86.Build.0 = Release|iPhoneSimulator
		{53650D77-C07F-4FAA-AA16-BA81407B9DB5}.Ad-Hoc|Any CPU.ActiveCfg = Debug|Any CPU
		{53650D77-C07F-4FAA-AA16-BA81407B9DB5}.Ad-Hoc|Any CPU.Build.0 = Debug|Any CPU
		{53650D77-C07F-4FAA-AA16-BA81407B9DB5}.Ad-Hoc|Any CPU.Deploy.0 = Debug|Any CPU
		{53650D77-C07F-4FAA-AA16-BA81407B9DB5}.Ad-Hoc|ARM.ActiveCfg = Debug|Any CPU
		{53650D77-C07F-4FAA-AA16-BA81407B9DB5}.Ad-Hoc|ARM.Build.0 = Debug|Any CPU
		{53650D77-C07F-4FAA-AA16-BA81407B9DB5}.Ad-Hoc|ARM.Deploy.0 = Debug|Any CPU
		{53650D77-C07F-4FAA-AA16-BA81407B9DB5}.Ad-Hoc|iPhone.ActiveCfg = Debug|Any CPU
		{53650D77-C07F-4FAA-AA16-BA81407B9DB5}.Ad-Hoc|iPhone.Build.0 = Debug|Any CPU
		{53650D77-C07F-4FAA-AA16-BA81407B9DB5}.Ad-Hoc|iPhone.Deploy.0 = Debug|Any CPU
		{53650D77-C07F-4FAA-AA16-BA81407B9DB5}.Ad-Hoc|iPhoneSimulator.ActiveCfg = Debug|Any CPU
		{53650D77-C07F-4FAA-AA16-BA81407B9DB5}.Ad-Hoc|iPhoneSimulator.Build.0 = Debug|Any CPU
		{53650D77-C07F-4FAA-AA16-BA81407B9DB5}.Ad-Hoc|iPhoneSimulator.Deploy.0 = Debug|Any CPU
		{53650D77-C07F-4FAA-AA16-BA81407B9DB5}.Ad-Hoc|x64.ActiveCfg = Debug|Any CPU
		{53650D77-C07F-4FAA-AA16-BA81407B9DB5}.Ad-Hoc|x64.Build.0 = Debug|Any CPU
		{53650D77-C07F-4FAA-AA16-BA81407B9DB5}.Ad-Hoc|x64.Deploy.0 = Debug|Any CPU
		{53650D77-C07F-4FAA-AA16-BA81407B9DB5}.Ad-Hoc|x86.ActiveCfg = Debug|Any CPU
		{53650D77-C07F-4FAA-AA16-BA81407B9DB5}.Ad-Hoc|x86.Build.0 = Debug|Any CPU
		{53650D77-C07F-4FAA-AA16-BA81407B9DB5}.Ad-Hoc|x86.Deploy.0 = Debug|Any CPU
		{53650D77-C07F-4FAA-AA16-BA81407B9DB5}.AppStore|Any CPU.ActiveCfg = Debug|Any CPU
		{53650D77-C07F-4FAA-AA16-BA81407B9DB5}.AppStore|Any CPU.Build.0 = Debug|Any CPU
		{53650D77-C07F-4FAA-AA16-BA81407B9DB5}.AppStore|Any CPU.Deploy.0 = Debug|Any CPU
		{53650D77-C07F-4FAA-AA16-BA81407B9DB5}.AppStore|ARM.ActiveCfg = Debug|Any CPU
		{53650D77-C07F-4FAA-AA16-BA81407B9DB5}.AppStore|ARM.Build.0 = Debug|Any CPU
		{53650D77-C07F-4FAA-AA16-BA81407B9DB5}.AppStore|ARM.Deploy.0 = Debug|Any CPU
		{53650D77-C07F-4FAA-AA16-BA81407B9DB5}.AppStore|iPhone.ActiveCfg = Debug|Any CPU
		{53650D77-C07F-4FAA-AA16-BA81407B9DB5}.AppStore|iPhone.Build.0 = Debug|Any CPU
		{53650D77-C07F-4FAA-AA16-BA81407B9DB5}.AppStore|iPhone.Deploy.0 = Debug|Any CPU
		{53650D77-C07F-4FAA-AA16-BA81407B9DB5}.AppStore|iPhoneSimulator.ActiveCfg = Debug|Any CPU
		{53650D77-C07F-4FAA-AA16-BA81407B9DB5}.AppStore|iPhoneSimulator.Build.0 = Debug|Any CPU
		{53650D77-C07F-4FAA-AA16-BA81407B9DB5}.AppStore|iPhoneSimulator.Deploy.0 = Debug|Any CPU
		{53650D77-C07F-4FAA-AA16-BA81407B9DB5}.AppStore|x64.ActiveCfg = Debug|Any CPU
		{53650D77-C07F-4FAA-AA16-BA81407B9DB5}.AppStore|x64.Build.0 = Debug|Any CPU
		{53650D77-C07F-4FAA-AA16-BA81407B9DB5}.AppStore|x64.Deploy.0 = Debug|Any CPU
		{53650D77-C07F-4FAA-AA16-BA81407B9DB5}.AppStore|x86.ActiveCfg = Debug|Any CPU
		{53650D77-C07F-4FAA-AA16-BA81407B9DB5}.AppStore|x86.Build.0 = Debug|Any CPU
		{53650D77-C07F-4FAA-AA16-BA81407B9DB5}.AppStore|x86.Deploy.0 = Debug|Any CPU
		{53650D77-C07F-4FAA-AA16-BA81407B9DB5}.Debug|Any CPU.ActiveCfg = Debug|Any CPU
		{53650D77-C07F-4FAA-AA16-BA81407B9DB5}.Debug|Any CPU.Build.0 = Debug|Any CPU
		{53650D77-C07F-4FAA-AA16-BA81407B9DB5}.Debug|Any CPU.Deploy.0 = Debug|Any CPU
		{53650D77-C07F-4FAA-AA16-BA81407B9DB5}.Debug|ARM.ActiveCfg = Debug|Any CPU
		{53650D77-C07F-4FAA-AA16-BA81407B9DB5}.Debug|ARM.Build.0 = Debug|Any CPU
		{53650D77-C07F-4FAA-AA16-BA81407B9DB5}.Debug|ARM.Deploy.0 = Debug|Any CPU
		{53650D77-C07F-4FAA-AA16-BA81407B9DB5}.Debug|iPhone.ActiveCfg = Debug|Any CPU
		{53650D77-C07F-4FAA-AA16-BA81407B9DB5}.Debug|iPhone.Build.0 = Debug|Any CPU
		{53650D77-C07F-4FAA-AA16-BA81407B9DB5}.Debug|iPhone.Deploy.0 = Debug|Any CPU
		{53650D77-C07F-4FAA-AA16-BA81407B9DB5}.Debug|iPhoneSimulator.ActiveCfg = Debug|Any CPU
		{53650D77-C07F-4FAA-AA16-BA81407B9DB5}.Debug|iPhoneSimulator.Build.0 = Debug|Any CPU
		{53650D77-C07F-4FAA-AA16-BA81407B9DB5}.Debug|iPhoneSimulator.Deploy.0 = Debug|Any CPU
		{53650D77-C07F-4FAA-AA16-BA81407B9DB5}.Debug|x64.ActiveCfg = Debug|Any CPU
		{53650D77-C07F-4FAA-AA16-BA81407B9DB5}.Debug|x64.Build.0 = Debug|Any CPU
		{53650D77-C07F-4FAA-AA16-BA81407B9DB5}.Debug|x64.Deploy.0 = Debug|Any CPU
		{53650D77-C07F-4FAA-AA16-BA81407B9DB5}.Debug|x86.ActiveCfg = Debug|Any CPU
		{53650D77-C07F-4FAA-AA16-BA81407B9DB5}.Debug|x86.Build.0 = Debug|Any CPU
		{53650D77-C07F-4FAA-AA16-BA81407B9DB5}.Debug|x86.Deploy.0 = Debug|Any CPU
		{53650D77-C07F-4FAA-AA16-BA81407B9DB5}.Release|Any CPU.ActiveCfg = Release|Any CPU
		{53650D77-C07F-4FAA-AA16-BA81407B9DB5}.Release|Any CPU.Build.0 = Release|Any CPU
		{53650D77-C07F-4FAA-AA16-BA81407B9DB5}.Release|Any CPU.Deploy.0 = Release|Any CPU
		{53650D77-C07F-4FAA-AA16-BA81407B9DB5}.Release|ARM.ActiveCfg = Release|Any CPU
		{53650D77-C07F-4FAA-AA16-BA81407B9DB5}.Release|ARM.Build.0 = Release|Any CPU
		{53650D77-C07F-4FAA-AA16-BA81407B9DB5}.Release|ARM.Deploy.0 = Release|Any CPU
		{53650D77-C07F-4FAA-AA16-BA81407B9DB5}.Release|iPhone.ActiveCfg = Release|Any CPU
		{53650D77-C07F-4FAA-AA16-BA81407B9DB5}.Release|iPhone.Build.0 = Release|Any CPU
		{53650D77-C07F-4FAA-AA16-BA81407B9DB5}.Release|iPhone.Deploy.0 = Release|Any CPU
		{53650D77-C07F-4FAA-AA16-BA81407B9DB5}.Release|iPhoneSimulator.ActiveCfg = Release|Any CPU
		{53650D77-C07F-4FAA-AA16-BA81407B9DB5}.Release|iPhoneSimulator.Build.0 = Release|Any CPU
		{53650D77-C07F-4FAA-AA16-BA81407B9DB5}.Release|iPhoneSimulator.Deploy.0 = Release|Any CPU
		{53650D77-C07F-4FAA-AA16-BA81407B9DB5}.Release|x64.ActiveCfg = Release|Any CPU
		{53650D77-C07F-4FAA-AA16-BA81407B9DB5}.Release|x64.Build.0 = Release|Any CPU
		{53650D77-C07F-4FAA-AA16-BA81407B9DB5}.Release|x64.Deploy.0 = Release|Any CPU
		{53650D77-C07F-4FAA-AA16-BA81407B9DB5}.Release|x86.ActiveCfg = Release|Any CPU
		{53650D77-C07F-4FAA-AA16-BA81407B9DB5}.Release|x86.Build.0 = Release|Any CPU
		{53650D77-C07F-4FAA-AA16-BA81407B9DB5}.Release|x86.Deploy.0 = Release|Any CPU
	EndGlobalSection
	GlobalSection(SolutionProperties) = preSolution
		HideSolutionNode = FALSE
	EndGlobalSection
	GlobalSection(NestedProjects) = preSolution
		{ED3D7A4C-2473-41E1-87E7-428DBB517BD8} = {5D445349-E40E-4936-AE11-7C07276AC4A3}
		{8DA97FE4-645B-4951-92A5-A740D6DD3E5C} = {C5094142-9DAB-405B-9B46-DBA0AC3B9627}
		{2CE6005F-99A8-40B3-90BF-D333054DFD17} = {C5094142-9DAB-405B-9B46-DBA0AC3B9627}
		{999DDEB3-4CDA-441D-B980-3BC43B654237} = {C5094142-9DAB-405B-9B46-DBA0AC3B9627}
		{2F4484CA-D992-44F2-AB3B-5C9F1AD83AB0} = {C5094142-9DAB-405B-9B46-DBA0AC3B9627}
		{DD565025-018E-45D5-9508-8E2F3024708F} = {07F120B6-65CD-4EDB-9BC5-F47281F268B3}
		{205E36BF-AA12-453F-8919-67037A191E10} = {5D445349-E40E-4936-AE11-7C07276AC4A3}
		{197EF063-61C8-4800-AFC9-B5B3AFA2C57E} = {5D445349-E40E-4936-AE11-7C07276AC4A3}
		{F3257882-4D98-4557-AD1C-AB7C229C2E28} = {6D341697-4DD4-4273-9EA7-A55B61279CA7}
		{F3F7D1CA-B454-446F-8530-839DA97D4CF6} = {6D341697-4DD4-4273-9EA7-A55B61279CA7}
		{F4861F88-935C-4396-8BEA-042E065F630C} = {6D341697-4DD4-4273-9EA7-A55B61279CA7}
		{53650D77-C07F-4FAA-AA16-BA81407B9DB5} = {6D341697-4DD4-4273-9EA7-A55B61279CA7}
	EndGlobalSection
	GlobalSection(ExtensibilityGlobals) = postSolution
		SolutionGuid = {C7458BCE-5F5A-49A9-8C8C-8955E59F8B66}
	EndGlobalSection
EndGlobal
