
Microsoft Visual Studio Solution File, Format Version 12.00
# Visual Studio Version 17
VisualStudioVersion = 17.2.32526.322
MinimumVisualStudioVersion = 10.0.40219.1
Project("{FAE04EC0-301F-11D3-BF4B-00C04F79EFBC}") = "MySite.Web", "Ajax\MySite.Web\MySite.Web.csproj", "{ED3D7A4C-2473-41E1-87E7-428DBB517BD8}"
EndProject
Project("{2150E333-8FDC-42A3-9474-1A3956D46DE8}") = "Web", "Web", "{5D445349-E40E-4936-AE11-7C07276AC4A3}"
EndProject
Project("{2150E333-8FDC-42A3-9474-1A3956D46DE8}") = "Desktop", "Desktop", "{C5094142-9DAB-405B-9B46-DBA0AC3B9627}"
EndProject
Project("{2150E333-8FDC-42A3-9474-1A3956D46DE8}") = "Maui", "Maui", "{07F120B6-65CD-4EDB-9BC5-F47281F268B3}"
EndProject
Project("{9A19103F-16F7-4668-BE54-9A1E7A4F7556}") = "MyDocProcApp", "Console\MyDocProcApp\MyDocProcApp.csproj", "{8DA97FE4-645B-4951-92A5-A740D6DD3E5C}"
EndProject
Project("{FAE04EC0-301F-11D3-BF4B-00C04F79EFBC}") = "MyWinFormsApp", "WinForms\MyWinFormsApp\MyWinFormsApp.csproj", "{999DDEB3-4CDA-441D-B980-3BC43B654237}"
EndProject
Project("{FAE04EC0-301F-11D3-BF4B-00C04F79EFBC}") = "MyWpfApp", "Wpf\MyWpfApp\MyWpfApp.csproj", "{2F4484CA-D992-44F2-AB3B-5C9F1AD83AB0}"
EndProject
Project("{9A19103F-16F7-4668-BE54-9A1E7A4F7556}") = "MyBlazorApp", "Blazor\MyBlazorApp\MyBlazorApp.csproj", "{8D741D81-6120-472A-BEE0-45F298D74D75}"
EndProject
Project("{9A19103F-16F7-4668-BE54-9A1E7A4F7556}") = "MyAspNetCoreApp", "AspNetCore\MyAspNetCoreApp\MyAspNetCoreApp.csproj", "{D75E5A16-6863-4A53-84F4-CC0360782292}"
EndProject
Project("{FAE04EC0-301F-11D3-BF4B-00C04F79EFBC}") = "MauiDemo", "MAUI\MauiDemo.csproj", "{5FD17957-3AD1-42E5-AAC4-D9B09E0B7E14}"
EndProject
Project("{FAE04EC0-301F-11D3-BF4B-00C04F79EFBC}") = "MyDemo", "WinUI\MyDemo\MyDemo.csproj", "{71C1E85B-1A79-C0C4-22BD-49A8DE57B8E7}"
EndProject
Global
	GlobalSection(SolutionConfigurationPlatforms) = preSolution
		Ad-Hoc|Any CPU = Ad-Hoc|Any CPU
		Ad-Hoc|ARM = Ad-Hoc|ARM
		Ad-Hoc|iPhone = Ad-Hoc|iPhone
		Ad-Hoc|iPhoneSimulator = Ad-Hoc|iPhoneSimulator
		Ad-Hoc|x64 = Ad-Hoc|x64
		Ad-Hoc|x86 = Ad-Hoc|x86
		AppStore|Any CPU = AppStore|Any CPU
		AppStore|ARM = AppStore|ARM
		AppStore|iPhone = AppStore|iPhone
		AppStore|iPhoneSimulator = AppStore|iPhoneSimulator
		AppStore|x64 = AppStore|x64
		AppStore|x86 = AppStore|x86
		Debug|Any CPU = Debug|Any CPU
		Debug|ARM = Debug|ARM
		Debug|iPhone = Debug|iPhone
		Debug|iPhoneSimulator = Debug|iPhoneSimulator
		Debug|x64 = Debug|x64
		Debug|x86 = Debug|x86
		Release|Any CPU = Release|Any CPU
		Release|ARM = Release|ARM
		Release|iPhone = Release|iPhone
		Release|iPhoneSimulator = Release|iPhoneSimulator
		Release|x64 = Release|x64
		Release|x86 = Release|x86
	EndGlobalSection
	GlobalSection(ProjectConfigurationPlatforms) = postSolution
		{ED3D7A4C-2473-41E1-87E7-428DBB517BD8}.Ad-Hoc|Any CPU.ActiveCfg = Release|Any CPU
		{ED3D7A4C-2473-41E1-87E7-428DBB517BD8}.Ad-Hoc|Any CPU.Build.0 = Release|Any CPU
		{ED3D7A4C-2473-41E1-87E7-428DBB517BD8}.Ad-Hoc|ARM.ActiveCfg = Release|Any CPU
		{ED3D7A4C-2473-41E1-87E7-428DBB517BD8}.Ad-Hoc|ARM.Build.0 = Release|Any CPU
		{ED3D7A4C-2473-41E1-87E7-428DBB517BD8}.Ad-Hoc|iPhone.ActiveCfg = Release|Any CPU
		{ED3D7A4C-2473-41E1-87E7-428DBB517BD8}.Ad-Hoc|iPhone.Build.0 = Release|Any CPU
		{ED3D7A4C-2473-41E1-87E7-428DBB517BD8}.Ad-Hoc|iPhoneSimulator.ActiveCfg = Release|Any CPU
		{ED3D7A4C-2473-41E1-87E7-428DBB517BD8}.Ad-Hoc|iPhoneSimulator.Build.0 = Release|Any CPU
		{ED3D7A4C-2473-41E1-87E7-428DBB517BD8}.Ad-Hoc|x64.ActiveCfg = Release|Any CPU
		{ED3D7A4C-2473-41E1-87E7-428DBB517BD8}.Ad-Hoc|x64.Build.0 = Release|Any CPU
		{ED3D7A4C-2473-41E1-87E7-428DBB517BD8}.Ad-Hoc|x86.ActiveCfg = Release|Any CPU
		{ED3D7A4C-2473-41E1-87E7-428DBB517BD8}.Ad-Hoc|x86.Build.0 = Release|Any CPU
		{ED3D7A4C-2473-41E1-87E7-428DBB517BD8}.AppStore|Any CPU.ActiveCfg = Release|Any CPU
		{ED3D7A4C-2473-41E1-87E7-428DBB517BD8}.AppStore|Any CPU.Build.0 = Release|Any CPU
		{ED3D7A4C-2473-41E1-87E7-428DBB517BD8}.AppStore|ARM.ActiveCfg = Release|Any CPU
		{ED3D7A4C-2473-41E1-87E7-428DBB517BD8}.AppStore|ARM.Build.0 = Release|Any CPU
		{ED3D7A4C-2473-41E1-87E7-428DBB517BD8}.AppStore|iPhone.ActiveCfg = Release|Any CPU
		{ED3D7A4C-2473-41E1-87E7-428DBB517BD8}.AppStore|iPhone.Build.0 = Release|Any CPU
		{ED3D7A4C-2473-41E1-87E7-428DBB517BD8}.AppStore|iPhoneSimulator.ActiveCfg = Release|Any CPU
		{ED3D7A4C-2473-41E1-87E7-428DBB517BD8}.AppStore|iPhoneSimulator.Build.0 = Release|Any CPU
		{ED3D7A4C-2473-41E1-87E7-428DBB517BD8}.AppStore|x64.ActiveCfg = Release|Any CPU
		{ED3D7A4C-2473-41E1-87E7-428DBB517BD8}.AppStore|x64.Build.0 = Release|Any CPU
		{ED3D7A4C-2473-41E1-87E7-428DBB517BD8}.AppStore|x86.ActiveCfg = Release|Any CPU
		{ED3D7A4C-2473-41E1-87E7-428DBB517BD8}.AppStore|x86.Build.0 = Release|Any CPU
		{ED3D7A4C-2473-41E1-87E7-428DBB517BD8}.Debug|Any CPU.ActiveCfg = Debug|Any CPU
		{ED3D7A4C-2473-41E1-87E7-428DBB517BD8}.Debug|Any CPU.Build.0 = Debug|Any CPU
		{ED3D7A4C-2473-41E1-87E7-428DBB517BD8}.Debug|ARM.ActiveCfg = Debug|Any CPU
		{ED3D7A4C-2473-41E1-87E7-428DBB517BD8}.Debug|ARM.Build.0 = Debug|Any CPU
		{ED3D7A4C-2473-41E1-87E7-428DBB517BD8}.Debug|iPhone.ActiveCfg = Debug|Any CPU
		{ED3D7A4C-2473-41E1-87E7-428DBB517BD8}.Debug|iPhone.Build.0 = Debug|Any CPU
		{ED3D7A4C-2473-41E1-87E7-428DBB517BD8}.Debug|iPhoneSimulator.ActiveCfg = Debug|Any CPU
		{ED3D7A4C-2473-41E1-87E7-428DBB517BD8}.Debug|iPhoneSimulator.Build.0 = Debug|Any CPU
		{ED3D7A4C-2473-41E1-87E7-428DBB517BD8}.Debug|x64.ActiveCfg = Debug|Any CPU
		{ED3D7A4C-2473-41E1-87E7-428DBB517BD8}.Debug|x64.Build.0 = Debug|Any CPU
		{ED3D7A4C-2473-41E1-87E7-428DBB517BD8}.Debug|x86.ActiveCfg = Debug|Any CPU
		{ED3D7A4C-2473-41E1-87E7-428DBB517BD8}.Debug|x86.Build.0 = Debug|Any CPU
		{ED3D7A4C-2473-41E1-87E7-428DBB517BD8}.Release|Any CPU.ActiveCfg = Release|Any CPU
		{ED3D7A4C-2473-41E1-87E7-428DBB517BD8}.Release|Any CPU.Build.0 = Release|Any CPU
		{ED3D7A4C-2473-41E1-87E7-428DBB517BD8}.Release|ARM.ActiveCfg = Release|Any CPU
		{ED3D7A4C-2473-41E1-87E7-428DBB517BD8}.Release|ARM.Build.0 = Release|Any CPU
		{ED3D7A4C-2473-41E1-87E7-428DBB517BD8}.Release|iPhone.ActiveCfg = Release|Any CPU
		{ED3D7A4C-2473-41E1-87E7-428DBB517BD8}.Release|iPhone.Build.0 = Release|Any CPU
		{ED3D7A4C-2473-41E1-87E7-428DBB517BD8}.Release|iPhoneSimulator.ActiveCfg = Release|Any CPU
		{ED3D7A4C-2473-41E1-87E7-428DBB517BD8}.Release|iPhoneSimulator.Build.0 = Release|Any CPU
		{ED3D7A4C-2473-41E1-87E7-428DBB517BD8}.Release|x64.ActiveCfg = Release|Any CPU
		{ED3D7A4C-2473-41E1-87E7-428DBB517BD8}.Release|x64.Build.0 = Release|Any CPU
		{ED3D7A4C-2473-41E1-87E7-428DBB517BD8}.Release|x86.ActiveCfg = Release|Any CPU
		{ED3D7A4C-2473-41E1-87E7-428DBB517BD8}.Release|x86.Build.0 = Release|Any CPU
		{8DA97FE4-645B-4951-92A5-A740D6DD3E5C}.Ad-Hoc|Any CPU.ActiveCfg = Release|Any CPU
		{8DA97FE4-645B-4951-92A5-A740D6DD3E5C}.Ad-Hoc|Any CPU.Build.0 = Release|Any CPU
		{8DA97FE4-645B-4951-92A5-A740D6DD3E5C}.Ad-Hoc|ARM.ActiveCfg = Release|Any CPU
		{8DA97FE4-645B-4951-92A5-A740D6DD3E5C}.Ad-Hoc|ARM.Build.0 = Release|Any CPU
		{8DA97FE4-645B-4951-92A5-A740D6DD3E5C}.Ad-Hoc|iPhone.ActiveCfg = Release|Any CPU
		{8DA97FE4-645B-4951-92A5-A740D6DD3E5C}.Ad-Hoc|iPhone.Build.0 = Release|Any CPU
		{8DA97FE4-645B-4951-92A5-A740D6DD3E5C}.Ad-Hoc|iPhoneSimulator.ActiveCfg = Release|Any CPU
		{8DA97FE4-645B-4951-92A5-A740D6DD3E5C}.Ad-Hoc|iPhoneSimulator.Build.0 = Release|Any CPU
		{8DA97FE4-645B-4951-92A5-A740D6DD3E5C}.Ad-Hoc|x64.ActiveCfg = Release|Any CPU
		{8DA97FE4-645B-4951-92A5-A740D6DD3E5C}.Ad-Hoc|x64.Build.0 = Release|Any CPU
		{8DA97FE4-645B-4951-92A5-A740D6DD3E5C}.Ad-Hoc|x86.ActiveCfg = Release|Any CPU
		{8DA97FE4-645B-4951-92A5-A740D6DD3E5C}.Ad-Hoc|x86.Build.0 = Release|Any CPU
		{8DA97FE4-645B-4951-92A5-A740D6DD3E5C}.AppStore|Any CPU.ActiveCfg = Release|Any CPU
		{8DA97FE4-645B-4951-92A5-A740D6DD3E5C}.AppStore|Any CPU.Build.0 = Release|Any CPU
		{8DA97FE4-645B-4951-92A5-A740D6DD3E5C}.AppStore|ARM.ActiveCfg = Release|Any CPU
		{8DA97FE4-645B-4951-92A5-A740D6DD3E5C}.AppStore|ARM.Build.0 = Release|Any CPU
		{8DA97FE4-645B-4951-92A5-A740D6DD3E5C}.AppStore|iPhone.ActiveCfg = Release|Any CPU
		{8DA97FE4-645B-4951-92A5-A740D6DD3E5C}.AppStore|iPhone.Build.0 = Release|Any CPU
		{8DA97FE4-645B-4951-92A5-A740D6DD3E5C}.AppStore|iPhoneSimulator.ActiveCfg = Release|Any CPU
		{8DA97FE4-645B-4951-92A5-A740D6DD3E5C}.AppStore|iPhoneSimulator.Build.0 = Release|Any CPU
		{8DA97FE4-645B-4951-92A5-A740D6DD3E5C}.AppStore|x64.ActiveCfg = Release|Any CPU
		{8DA97FE4-645B-4951-92A5-A740D6DD3E5C}.AppStore|x64.Build.0 = Release|Any CPU
		{8DA97FE4-645B-4951-92A5-A740D6DD3E5C}.AppStore|x86.ActiveCfg = Release|Any CPU
		{8DA97FE4-645B-4951-92A5-A740D6DD3E5C}.AppStore|x86.Build.0 = Release|Any CPU
		{8DA97FE4-645B-4951-92A5-A740D6DD3E5C}.Debug|Any CPU.ActiveCfg = Debug|Any CPU
		{8DA97FE4-645B-4951-92A5-A740D6DD3E5C}.Debug|Any CPU.Build.0 = Debug|Any CPU
		{8DA97FE4-645B-4951-92A5-A740D6DD3E5C}.Debug|ARM.ActiveCfg = Debug|Any CPU
		{8DA97FE4-645B-4951-92A5-A740D6DD3E5C}.Debug|ARM.Build.0 = Debug|Any CPU
		{8DA97FE4-645B-4951-92A5-A740D6DD3E5C}.Debug|iPhone.ActiveCfg = Debug|Any CPU
		{8DA97FE4-645B-4951-92A5-A740D6DD3E5C}.Debug|iPhone.Build.0 = Debug|Any CPU
		{8DA97FE4-645B-4951-92A5-A740D6DD3E5C}.Debug|iPhoneSimulator.ActiveCfg = Debug|Any CPU
		{8DA97FE4-645B-4951-92A5-A740D6DD3E5C}.Debug|iPhoneSimulator.Build.0 = Debug|Any CPU
		{8DA97FE4-645B-4951-92A5-A740D6DD3E5C}.Debug|x64.ActiveCfg = Debug|Any CPU
		{8DA97FE4-645B-4951-92A5-A740D6DD3E5C}.Debug|x64.Build.0 = Debug|Any CPU
		{8DA97FE4-645B-4951-92A5-A740D6DD3E5C}.Debug|x86.ActiveCfg = Debug|Any CPU
		{8DA97FE4-645B-4951-92A5-A740D6DD3E5C}.Debug|x86.Build.0 = Debug|Any CPU
		{8DA97FE4-645B-4951-92A5-A740D6DD3E5C}.Release|Any CPU.ActiveCfg = Release|Any CPU
		{8DA97FE4-645B-4951-92A5-A740D6DD3E5C}.Release|Any CPU.Build.0 = Release|Any CPU
		{8DA97FE4-645B-4951-92A5-A740D6DD3E5C}.Release|ARM.ActiveCfg = Release|Any CPU
		{8DA97FE4-645B-4951-92A5-A740D6DD3E5C}.Release|ARM.Build.0 = Release|Any CPU
		{8DA97FE4-645B-4951-92A5-A740D6DD3E5C}.Release|iPhone.ActiveCfg = Release|Any CPU
		{8DA97FE4-645B-4951-92A5-A740D6DD3E5C}.Release|iPhone.Build.0 = Release|Any CPU
		{8DA97FE4-645B-4951-92A5-A740D6DD3E5C}.Release|iPhoneSimulator.ActiveCfg = Release|Any CPU
		{8DA97FE4-645B-4951-92A5-A740D6DD3E5C}.Release|iPhoneSimulator.Build.0 = Release|Any CPU
		{8DA97FE4-645B-4951-92A5-A740D6DD3E5C}.Release|x64.ActiveCfg = Release|Any CPU
		{8DA97FE4-645B-4951-92A5-A740D6DD3E5C}.Release|x64.Build.0 = Release|Any CPU
		{8DA97FE4-645B-4951-92A5-A740D6DD3E5C}.Release|x86.ActiveCfg = Release|Any CPU
		{8DA97FE4-645B-4951-92A5-A740D6DD3E5C}.Release|x86.Build.0 = Release|Any CPU
		{999DDEB3-4CDA-441D-B980-3BC43B654237}.Ad-Hoc|Any CPU.ActiveCfg = Debug|x86
		{999DDEB3-4CDA-441D-B980-3BC43B654237}.Ad-Hoc|Any CPU.Build.0 = Debug|x86
		{999DDEB3-4CDA-441D-B980-3BC43B654237}.Ad-Hoc|ARM.ActiveCfg = Debug|x86
		{999DDEB3-4CDA-441D-B980-3BC43B654237}.Ad-Hoc|ARM.Build.0 = Debug|x86
		{999DDEB3-4CDA-441D-B980-3BC43B654237}.Ad-Hoc|iPhone.ActiveCfg = Debug|x86
		{999DDEB3-4CDA-441D-B980-3BC43B654237}.Ad-Hoc|iPhone.Build.0 = Debug|x86
		{999DDEB3-4CDA-441D-B980-3BC43B654237}.Ad-Hoc|iPhoneSimulator.ActiveCfg = Debug|x86
		{999DDEB3-4CDA-441D-B980-3BC43B654237}.Ad-Hoc|iPhoneSimulator.Build.0 = Debug|x86
		{999DDEB3-4CDA-441D-B980-3BC43B654237}.Ad-Hoc|x64.ActiveCfg = Debug|x86
		{999DDEB3-4CDA-441D-B980-3BC43B654237}.Ad-Hoc|x64.Build.0 = Debug|x86
		{999DDEB3-4CDA-441D-B980-3BC43B654237}.Ad-Hoc|x86.ActiveCfg = Debug|x86
		{999DDEB3-4CDA-441D-B980-3BC43B654237}.Ad-Hoc|x86.Build.0 = Debug|x86
		{999DDEB3-4CDA-441D-B980-3BC43B654237}.AppStore|Any CPU.ActiveCfg = Debug|x86
		{999DDEB3-4CDA-441D-B980-3BC43B654237}.AppStore|Any CPU.Build.0 = Debug|x86
		{999DDEB3-4CDA-441D-B980-3BC43B654237}.AppStore|ARM.ActiveCfg = Debug|x86
		{999DDEB3-4CDA-441D-B980-3BC43B654237}.AppStore|ARM.Build.0 = Debug|x86
		{999DDEB3-4CDA-441D-B980-3BC43B654237}.AppStore|iPhone.ActiveCfg = Debug|x86
		{999DDEB3-4CDA-441D-B980-3BC43B654237}.AppStore|iPhone.Build.0 = Debug|x86
		{999DDEB3-4CDA-441D-B980-3BC43B654237}.AppStore|iPhoneSimulator.ActiveCfg = Debug|x86
		{999DDEB3-4CDA-441D-B980-3BC43B654237}.AppStore|iPhoneSimulator.Build.0 = Debug|x86
		{999DDEB3-4CDA-441D-B980-3BC43B654237}.AppStore|x64.ActiveCfg = Debug|x86
		{999DDEB3-4CDA-441D-B980-3BC43B654237}.AppStore|x64.Build.0 = Debug|x86
		{999DDEB3-4CDA-441D-B980-3BC43B654237}.AppStore|x86.ActiveCfg = Debug|x86
		{999DDEB3-4CDA-441D-B980-3BC43B654237}.AppStore|x86.Build.0 = Debug|x86
		{999DDEB3-4CDA-441D-B980-3BC43B654237}.Debug|Any CPU.ActiveCfg = Debug|x86
		{999DDEB3-4CDA-441D-B980-3BC43B654237}.Debug|Any CPU.Build.0 = Debug|x86
		{999DDEB3-4CDA-441D-B980-3BC43B654237}.Debug|ARM.ActiveCfg = Debug|x86
		{999DDEB3-4CDA-441D-B980-3BC43B654237}.Debug|ARM.Build.0 = Debug|x86
		{999DDEB3-4CDA-441D-B980-3BC43B654237}.Debug|iPhone.ActiveCfg = Debug|x86
		{999DDEB3-4CDA-441D-B980-3BC43B654237}.Debug|iPhone.Build.0 = Debug|x86
		{999DDEB3-4CDA-441D-B980-3BC43B654237}.Debug|iPhoneSimulator.ActiveCfg = Debug|x86
		{999DDEB3-4CDA-441D-B980-3BC43B654237}.Debug|iPhoneSimulator.Build.0 = Debug|x86
		{999DDEB3-4CDA-441D-B980-3BC43B654237}.Debug|x64.ActiveCfg = Debug|x86
		{999DDEB3-4CDA-441D-B980-3BC43B654237}.Debug|x64.Build.0 = Debug|x86
		{999DDEB3-4CDA-441D-B980-3BC43B654237}.Debug|x86.ActiveCfg = Debug|x86
		{999DDEB3-4CDA-441D-B980-3BC43B654237}.Debug|x86.Build.0 = Debug|x86
		{999DDEB3-4CDA-441D-B980-3BC43B654237}.Release|Any CPU.ActiveCfg = Release|x86
		{999DDEB3-4CDA-441D-B980-3BC43B654237}.Release|Any CPU.Build.0 = Release|x86
		{999DDEB3-4CDA-441D-B980-3BC43B654237}.Release|ARM.ActiveCfg = Release|x86
		{999DDEB3-4CDA-441D-B980-3BC43B654237}.Release|ARM.Build.0 = Release|x86
		{999DDEB3-4CDA-441D-B980-3BC43B654237}.Release|iPhone.ActiveCfg = Release|x86
		{999DDEB3-4CDA-441D-B980-3BC43B654237}.Release|iPhone.Build.0 = Release|x86
		{999DDEB3-4CDA-441D-B980-3BC43B654237}.Release|iPhoneSimulator.ActiveCfg = Release|x86
		{999DDEB3-4CDA-441D-B980-3BC43B654237}.Release|iPhoneSimulator.Build.0 = Release|x86
		{999DDEB3-4CDA-441D-B980-3BC43B654237}.Release|x64.ActiveCfg = Release|x86
		{999DDEB3-4CDA-441D-B980-3BC43B654237}.Release|x64.Build.0 = Release|x86
		{999DDEB3-4CDA-441D-B980-3BC43B654237}.Release|x86.ActiveCfg = Release|x86
		{999DDEB3-4CDA-441D-B980-3BC43B654237}.Release|x86.Build.0 = Release|x86
		{2F4484CA-D992-44F2-AB3B-5C9F1AD83AB0}.Ad-Hoc|Any CPU.ActiveCfg = Debug|x86
		{2F4484CA-D992-44F2-AB3B-5C9F1AD83AB0}.Ad-Hoc|Any CPU.Build.0 = Debug|x86
		{2F4484CA-D992-44F2-AB3B-5C9F1AD83AB0}.Ad-Hoc|ARM.ActiveCfg = Debug|x86
		{2F4484CA-D992-44F2-AB3B-5C9F1AD83AB0}.Ad-Hoc|ARM.Build.0 = Debug|x86
		{2F4484CA-D992-44F2-AB3B-5C9F1AD83AB0}.Ad-Hoc|iPhone.ActiveCfg = Debug|x86
		{2F4484CA-D992-44F2-AB3B-5C9F1AD83AB0}.Ad-Hoc|iPhone.Build.0 = Debug|x86
		{2F4484CA-D992-44F2-AB3B-5C9F1AD83AB0}.Ad-Hoc|iPhoneSimulator.ActiveCfg = Debug|x86
		{2F4484CA-D992-44F2-AB3B-5C9F1AD83AB0}.Ad-Hoc|iPhoneSimulator.Build.0 = Debug|x86
		{2F4484CA-D992-44F2-AB3B-5C9F1AD83AB0}.Ad-Hoc|x64.ActiveCfg = Debug|x86
		{2F4484CA-D992-44F2-AB3B-5C9F1AD83AB0}.Ad-Hoc|x64.Build.0 = Debug|x86
		{2F4484CA-D992-44F2-AB3B-5C9F1AD83AB0}.Ad-Hoc|x86.ActiveCfg = Debug|x86
		{2F4484CA-D992-44F2-AB3B-5C9F1AD83AB0}.Ad-Hoc|x86.Build.0 = Debug|x86
		{2F4484CA-D992-44F2-AB3B-5C9F1AD83AB0}.AppStore|Any CPU.ActiveCfg = Debug|x86
		{2F4484CA-D992-44F2-AB3B-5C9F1AD83AB0}.AppStore|Any CPU.Build.0 = Debug|x86
		{2F4484CA-D992-44F2-AB3B-5C9F1AD83AB0}.AppStore|ARM.ActiveCfg = Debug|x86
		{2F4484CA-D992-44F2-AB3B-5C9F1AD83AB0}.AppStore|ARM.Build.0 = Debug|x86
		{2F4484CA-D992-44F2-AB3B-5C9F1AD83AB0}.AppStore|iPhone.ActiveCfg = Debug|x86
		{2F4484CA-D992-44F2-AB3B-5C9F1AD83AB0}.AppStore|iPhone.Build.0 = Debug|x86
		{2F4484CA-D992-44F2-AB3B-5C9F1AD83AB0}.AppStore|iPhoneSimulator.ActiveCfg = Debug|x86
		{2F4484CA-D992-44F2-AB3B-5C9F1AD83AB0}.AppStore|iPhoneSimulator.Build.0 = Debug|x86
		{2F4484CA-D992-44F2-AB3B-5C9F1AD83AB0}.AppStore|x64.ActiveCfg = Debug|x86
		{2F4484CA-D992-44F2-AB3B-5C9F1AD83AB0}.AppStore|x64.Build.0 = Debug|x86
		{2F4484CA-D992-44F2-AB3B-5C9F1AD83AB0}.AppStore|x86.ActiveCfg = Debug|x86
		{2F4484CA-D992-44F2-AB3B-5C9F1AD83AB0}.AppStore|x86.Build.0 = Debug|x86
		{2F4484CA-D992-44F2-AB3B-5C9F1AD83AB0}.Debug|Any CPU.ActiveCfg = Debug|x86
		{2F4484CA-D992-44F2-AB3B-5C9F1AD83AB0}.Debug|Any CPU.Build.0 = Debug|x86
		{2F4484CA-D992-44F2-AB3B-5C9F1AD83AB0}.Debug|ARM.ActiveCfg = Debug|x86
		{2F4484CA-D992-44F2-AB3B-5C9F1AD83AB0}.Debug|ARM.Build.0 = Debug|x86
		{2F4484CA-D992-44F2-AB3B-5C9F1AD83AB0}.Debug|iPhone.ActiveCfg = Debug|x86
		{2F4484CA-D992-44F2-AB3B-5C9F1AD83AB0}.Debug|iPhone.Build.0 = Debug|x86
		{2F4484CA-D992-44F2-AB3B-5C9F1AD83AB0}.Debug|iPhoneSimulator.ActiveCfg = Debug|x86
		{2F4484CA-D992-44F2-AB3B-5C9F1AD83AB0}.Debug|iPhoneSimulator.Build.0 = Debug|x86
		{2F4484CA-D992-44F2-AB3B-5C9F1AD83AB0}.Debug|x64.ActiveCfg = Debug|x86
		{2F4484CA-D992-44F2-AB3B-5C9F1AD83AB0}.Debug|x64.Build.0 = Debug|x86
		{2F4484CA-D992-44F2-AB3B-5C9F1AD83AB0}.Debug|x86.ActiveCfg = Debug|x86
		{2F4484CA-D992-44F2-AB3B-5C9F1AD83AB0}.Debug|x86.Build.0 = Debug|x86
		{2F4484CA-D992-44F2-AB3B-5C9F1AD83AB0}.Release|Any CPU.ActiveCfg = Release|x86
		{2F4484CA-D992-44F2-AB3B-5C9F1AD83AB0}.Release|Any CPU.Build.0 = Release|x86
		{2F4484CA-D992-44F2-AB3B-5C9F1AD83AB0}.Release|ARM.ActiveCfg = Release|x86
		{2F4484CA-D992-44F2-AB3B-5C9F1AD83AB0}.Release|ARM.Build.0 = Release|x86
		{2F4484CA-D992-44F2-AB3B-5C9F1AD83AB0}.Release|iPhone.ActiveCfg = Release|x86
		{2F4484CA-D992-44F2-AB3B-5C9F1AD83AB0}.Release|iPhone.Build.0 = Release|x86
		{2F4484CA-D992-44F2-AB3B-5C9F1AD83AB0}.Release|iPhoneSimulator.ActiveCfg = Release|x86
		{2F4484CA-D992-44F2-AB3B-5C9F1AD83AB0}.Release|iPhoneSimulator.Build.0 = Release|x86
		{2F4484CA-D992-44F2-AB3B-5C9F1AD83AB0}.Release|x64.ActiveCfg = Release|x86
		{2F4484CA-D992-44F2-AB3B-5C9F1AD83AB0}.Release|x64.Build.0 = Release|x86
		{2F4484CA-D992-44F2-AB3B-5C9F1AD83AB0}.Release|x86.ActiveCfg = Release|x86
		{2F4484CA-D992-44F2-AB3B-5C9F1AD83AB0}.Release|x86.Build.0 = Release|x86
		{8D741D81-6120-472A-BEE0-45F298D74D75}.Ad-Hoc|Any CPU.ActiveCfg = Debug|Any CPU
		{8D741D81-6120-472A-BEE0-45F298D74D75}.Ad-Hoc|Any CPU.Build.0 = Debug|Any CPU
		{8D741D81-6120-472A-BEE0-45F298D74D75}.Ad-Hoc|ARM.ActiveCfg = Debug|Any CPU
		{8D741D81-6120-472A-BEE0-45F298D74D75}.Ad-Hoc|ARM.Build.0 = Debug|Any CPU
		{8D741D81-6120-472A-BEE0-45F298D74D75}.Ad-Hoc|iPhone.ActiveCfg = Debug|Any CPU
		{8D741D81-6120-472A-BEE0-45F298D74D75}.Ad-Hoc|iPhone.Build.0 = Debug|Any CPU
		{8D741D81-6120-472A-BEE0-45F298D74D75}.Ad-Hoc|iPhoneSimulator.ActiveCfg = Debug|Any CPU
		{8D741D81-6120-472A-BEE0-45F298D74D75}.Ad-Hoc|iPhoneSimulator.Build.0 = Debug|Any CPU
		{8D741D81-6120-472A-BEE0-45F298D74D75}.Ad-Hoc|x64.ActiveCfg = Debug|Any CPU
		{8D741D81-6120-472A-BEE0-45F298D74D75}.Ad-Hoc|x64.Build.0 = Debug|Any CPU
		{8D741D81-6120-472A-BEE0-45F298D74D75}.Ad-Hoc|x86.ActiveCfg = Debug|Any CPU
		{8D741D81-6120-472A-BEE0-45F298D74D75}.Ad-Hoc|x86.Build.0 = Debug|Any CPU
		{8D741D81-6120-472A-BEE0-45F298D74D75}.AppStore|Any CPU.ActiveCfg = Debug|Any CPU
		{8D741D81-6120-472A-BEE0-45F298D74D75}.AppStore|Any CPU.Build.0 = Debug|Any CPU
		{8D741D81-6120-472A-BEE0-45F298D74D75}.AppStore|ARM.ActiveCfg = Debug|Any CPU
		{8D741D81-6120-472A-BEE0-45F298D74D75}.AppStore|ARM.Build.0 = Debug|Any CPU
		{8D741D81-6120-472A-BEE0-45F298D74D75}.AppStore|iPhone.ActiveCfg = Debug|Any CPU
		{8D741D81-6120-472A-BEE0-45F298D74D75}.AppStore|iPhone.Build.0 = Debug|Any CPU
		{8D741D81-6120-472A-BEE0-45F298D74D75}.AppStore|iPhoneSimulator.ActiveCfg = Debug|Any CPU
		{8D741D81-6120-472A-BEE0-45F298D74D75}.AppStore|iPhoneSimulator.Build.0 = Debug|Any CPU
		{8D741D81-6120-472A-BEE0-45F298D74D75}.AppStore|x64.ActiveCfg = Debug|Any CPU
		{8D741D81-6120-472A-BEE0-45F298D74D75}.AppStore|x64.Build.0 = Debug|Any CPU
		{8D741D81-6120-472A-BEE0-45F298D74D75}.AppStore|x86.ActiveCfg = Debug|Any CPU
		{8D741D81-6120-472A-BEE0-45F298D74D75}.AppStore|x86.Build.0 = Debug|Any CPU
		{8D741D81-6120-472A-BEE0-45F298D74D75}.Debug|Any CPU.ActiveCfg = Debug|Any CPU
		{8D741D81-6120-472A-BEE0-45F298D74D75}.Debug|Any CPU.Build.0 = Debug|Any CPU
		{8D741D81-6120-472A-BEE0-45F298D74D75}.Debug|ARM.ActiveCfg = Debug|Any CPU
		{8D741D81-6120-472A-BEE0-45F298D74D75}.Debug|ARM.Build.0 = Debug|Any CPU
		{8D741D81-6120-472A-BEE0-45F298D74D75}.Debug|iPhone.ActiveCfg = Debug|Any CPU
		{8D741D81-6120-472A-BEE0-45F298D74D75}.Debug|iPhone.Build.0 = Debug|Any CPU
		{8D741D81-6120-472A-BEE0-45F298D74D75}.Debug|iPhoneSimulator.ActiveCfg = Debug|Any CPU
		{8D741D81-6120-472A-BEE0-45F298D74D75}.Debug|iPhoneSimulator.Build.0 = Debug|Any CPU
		{8D741D81-6120-472A-BEE0-45F298D74D75}.Debug|x64.ActiveCfg = Debug|Any CPU
		{8D741D81-6120-472A-BEE0-45F298D74D75}.Debug|x64.Build.0 = Debug|Any CPU
		{8D741D81-6120-472A-BEE0-45F298D74D75}.Debug|x86.ActiveCfg = Debug|Any CPU
		{8D741D81-6120-472A-BEE0-45F298D74D75}.Debug|x86.Build.0 = Debug|Any CPU
		{8D741D81-6120-472A-BEE0-45F298D74D75}.Release|Any CPU.ActiveCfg = Release|Any CPU
		{8D741D81-6120-472A-BEE0-45F298D74D75}.Release|Any CPU.Build.0 = Release|Any CPU
		{8D741D81-6120-472A-BEE0-45F298D74D75}.Release|ARM.ActiveCfg = Release|Any CPU
		{8D741D81-6120-472A-BEE0-45F298D74D75}.Release|ARM.Build.0 = Release|Any CPU
		{8D741D81-6120-472A-BEE0-45F298D74D75}.Release|iPhone.ActiveCfg = Release|Any CPU
		{8D741D81-6120-472A-BEE0-45F298D74D75}.Release|iPhone.Build.0 = Release|Any CPU
		{8D741D81-6120-472A-BEE0-45F298D74D75}.Release|iPhoneSimulator.ActiveCfg = Release|Any CPU
		{8D741D81-6120-472A-BEE0-45F298D74D75}.Release|iPhoneSimulator.Build.0 = Release|Any CPU
		{8D741D81-6120-472A-BEE0-45F298D74D75}.Release|x64.ActiveCfg = Release|Any CPU
		{8D741D81-6120-472A-BEE0-45F298D74D75}.Release|x64.Build.0 = Release|Any CPU
		{8D741D81-6120-472A-BEE0-45F298D74D75}.Release|x86.ActiveCfg = Release|Any CPU
		{8D741D81-6120-472A-BEE0-45F298D74D75}.Release|x86.Build.0 = Release|Any CPU
		{D75E5A16-6863-4A53-84F4-CC0360782292}.Ad-Hoc|Any CPU.ActiveCfg = Debug|Any CPU
		{D75E5A16-6863-4A53-84F4-CC0360782292}.Ad-Hoc|Any CPU.Build.0 = Debug|Any CPU
		{D75E5A16-6863-4A53-84F4-CC0360782292}.Ad-Hoc|ARM.ActiveCfg = Debug|Any CPU
		{D75E5A16-6863-4A53-84F4-CC0360782292}.Ad-Hoc|ARM.Build.0 = Debug|Any CPU
		{D75E5A16-6863-4A53-84F4-CC0360782292}.Ad-Hoc|iPhone.ActiveCfg = Debug|Any CPU
		{D75E5A16-6863-4A53-84F4-CC0360782292}.Ad-Hoc|iPhone.Build.0 = Debug|Any CPU
		{D75E5A16-6863-4A53-84F4-CC0360782292}.Ad-Hoc|iPhoneSimulator.ActiveCfg = Debug|Any CPU
		{D75E5A16-6863-4A53-84F4-CC0360782292}.Ad-Hoc|iPhoneSimulator.Build.0 = Debug|Any CPU
		{D75E5A16-6863-4A53-84F4-CC0360782292}.Ad-Hoc|x64.ActiveCfg = Debug|Any CPU
		{D75E5A16-6863-4A53-84F4-CC0360782292}.Ad-Hoc|x64.Build.0 = Debug|Any CPU
		{D75E5A16-6863-4A53-84F4-CC0360782292}.Ad-Hoc|x86.ActiveCfg = Debug|Any CPU
		{D75E5A16-6863-4A53-84F4-CC0360782292}.Ad-Hoc|x86.Build.0 = Debug|Any CPU
		{D75E5A16-6863-4A53-84F4-CC0360782292}.AppStore|Any CPU.ActiveCfg = Debug|Any CPU
		{D75E5A16-6863-4A53-84F4-CC0360782292}.AppStore|Any CPU.Build.0 = Debug|Any CPU
		{D75E5A16-6863-4A53-84F4-CC0360782292}.AppStore|ARM.ActiveCfg = Debug|Any CPU
		{D75E5A16-6863-4A53-84F4-CC0360782292}.AppStore|ARM.Build.0 = Debug|Any CPU
		{D75E5A16-6863-4A53-84F4-CC0360782292}.AppStore|iPhone.ActiveCfg = Debug|Any CPU
		{D75E5A16-6863-4A53-84F4-CC0360782292}.AppStore|iPhone.Build.0 = Debug|Any CPU
		{D75E5A16-6863-4A53-84F4-CC0360782292}.AppStore|iPhoneSimulator.ActiveCfg = Debug|Any CPU
		{D75E5A16-6863-4A53-84F4-CC0360782292}.AppStore|iPhoneSimulator.Build.0 = Debug|Any CPU
		{D75E5A16-6863-4A53-84F4-CC0360782292}.AppStore|x64.ActiveCfg = Debug|Any CPU
		{D75E5A16-6863-4A53-84F4-CC0360782292}.AppStore|x64.Build.0 = Debug|Any CPU
		{D75E5A16-6863-4A53-84F4-CC0360782292}.AppStore|x86.ActiveCfg = Debug|Any CPU
		{D75E5A16-6863-4A53-84F4-CC0360782292}.AppStore|x86.Build.0 = Debug|Any CPU
		{D75E5A16-6863-4A53-84F4-CC0360782292}.Debug|Any CPU.ActiveCfg = Debug|Any CPU
		{D75E5A16-6863-4A53-84F4-CC0360782292}.Debug|Any CPU.Build.0 = Debug|Any CPU
		{D75E5A16-6863-4A53-84F4-CC0360782292}.Debug|ARM.ActiveCfg = Debug|Any CPU
		{D75E5A16-6863-4A53-84F4-CC0360782292}.Debug|ARM.Build.0 = Debug|Any CPU
		{D75E5A16-6863-4A53-84F4-CC0360782292}.Debug|iPhone.ActiveCfg = Debug|Any CPU
		{D75E5A16-6863-4A53-84F4-CC0360782292}.Debug|iPhone.Build.0 = Debug|Any CPU
		{D75E5A16-6863-4A53-84F4-CC0360782292}.Debug|iPhoneSimulator.ActiveCfg = Debug|Any CPU
		{D75E5A16-6863-4A53-84F4-CC0360782292}.Debug|iPhoneSimulator.Build.0 = Debug|Any CPU
		{D75E5A16-6863-4A53-84F4-CC0360782292}.Debug|x64.ActiveCfg = Debug|Any CPU
		{D75E5A16-6863-4A53-84F4-CC0360782292}.Debug|x64.Build.0 = Debug|Any CPU
		{D75E5A16-6863-4A53-84F4-CC0360782292}.Debug|x86.ActiveCfg = Debug|Any CPU
		{D75E5A16-6863-4A53-84F4-CC0360782292}.Debug|x86.Build.0 = Debug|Any CPU
		{D75E5A16-6863-4A53-84F4-CC0360782292}.Release|Any CPU.ActiveCfg = Release|Any CPU
		{D75E5A16-6863-4A53-84F4-CC0360782292}.Release|Any CPU.Build.0 = Release|Any CPU
		{D75E5A16-6863-4A53-84F4-CC0360782292}.Release|ARM.ActiveCfg = Release|Any CPU
		{D75E5A16-6863-4A53-84F4-CC0360782292}.Release|ARM.Build.0 = Release|Any CPU
		{D75E5A16-6863-4A53-84F4-CC0360782292}.Release|iPhone.ActiveCfg = Release|Any CPU
		{D75E5A16-6863-4A53-84F4-CC0360782292}.Release|iPhone.Build.0 = Release|Any CPU
		{D75E5A16-6863-4A53-84F4-CC0360782292}.Release|iPhoneSimulator.ActiveCfg = Release|Any CPU
		{D75E5A16-6863-4A53-84F4-CC0360782292}.Release|iPhoneSimulator.Build.0 = Release|Any CPU
		{D75E5A16-6863-4A53-84F4-CC0360782292}.Release|x64.ActiveCfg = Release|Any CPU
		{D75E5A16-6863-4A53-84F4-CC0360782292}.Release|x64.Build.0 = Release|Any CPU
		{D75E5A16-6863-4A53-84F4-CC0360782292}.Release|x86.ActiveCfg = Release|Any CPU
		{D75E5A16-6863-4A53-84F4-CC0360782292}.Release|x86.Build.0 = Release|Any CPU
		{5FD17957-3AD1-42E5-AAC4-D9B09E0B7E14}.Ad-Hoc|Any CPU.ActiveCfg = Debug|Any CPU
		{5FD17957-3AD1-42E5-AAC4-D9B09E0B7E14}.Ad-Hoc|Any CPU.Build.0 = Debug|Any CPU
		{5FD17957-3AD1-42E5-AAC4-D9B09E0B7E14}.Ad-Hoc|Any CPU.Deploy.0 = Debug|Any CPU
		{5FD17957-3AD1-42E5-AAC4-D9B09E0B7E14}.Ad-Hoc|ARM.ActiveCfg = Debug|Any CPU
		{5FD17957-3AD1-42E5-AAC4-D9B09E0B7E14}.Ad-Hoc|ARM.Build.0 = Debug|Any CPU
		{5FD17957-3AD1-42E5-AAC4-D9B09E0B7E14}.Ad-Hoc|ARM.Deploy.0 = Debug|Any CPU
		{5FD17957-3AD1-42E5-AAC4-D9B09E0B7E14}.Ad-Hoc|iPhone.ActiveCfg = Debug|Any CPU
		{5FD17957-3AD1-42E5-AAC4-D9B09E0B7E14}.Ad-Hoc|iPhone.Build.0 = Debug|Any CPU
		{5FD17957-3AD1-42E5-AAC4-D9B09E0B7E14}.Ad-Hoc|iPhone.Deploy.0 = Debug|Any CPU
		{5FD17957-3AD1-42E5-AAC4-D9B09E0B7E14}.Ad-Hoc|iPhoneSimulator.ActiveCfg = Debug|Any CPU
		{5FD17957-3AD1-42E5-AAC4-D9B09E0B7E14}.Ad-Hoc|iPhoneSimulator.Build.0 = Debug|Any CPU
		{5FD17957-3AD1-42E5-AAC4-D9B09E0B7E14}.Ad-Hoc|iPhoneSimulator.Deploy.0 = Debug|Any CPU
		{5FD17957-3AD1-42E5-AAC4-D9B09E0B7E14}.Ad-Hoc|x64.ActiveCfg = Debug|Any CPU
		{5FD17957-3AD1-42E5-AAC4-D9B09E0B7E14}.Ad-Hoc|x64.Build.0 = Debug|Any CPU
		{5FD17957-3AD1-42E5-AAC4-D9B09E0B7E14}.Ad-Hoc|x64.Deploy.0 = Debug|Any CPU
		{5FD17957-3AD1-42E5-AAC4-D9B09E0B7E14}.Ad-Hoc|x86.ActiveCfg = Debug|Any CPU
		{5FD17957-3AD1-42E5-AAC4-D9B09E0B7E14}.Ad-Hoc|x86.Build.0 = Debug|Any CPU
		{5FD17957-3AD1-42E5-AAC4-D9B09E0B7E14}.Ad-Hoc|x86.Deploy.0 = Debug|Any CPU
		{5FD17957-3AD1-42E5-AAC4-D9B09E0B7E14}.AppStore|Any CPU.ActiveCfg = Debug|Any CPU
		{5FD17957-3AD1-42E5-AAC4-D9B09E0B7E14}.AppStore|Any CPU.Build.0 = Debug|Any CPU
		{5FD17957-3AD1-42E5-AAC4-D9B09E0B7E14}.AppStore|Any CPU.Deploy.0 = Debug|Any CPU
		{5FD17957-3AD1-42E5-AAC4-D9B09E0B7E14}.AppStore|ARM.ActiveCfg = Debug|Any CPU
		{5FD17957-3AD1-42E5-AAC4-D9B09E0B7E14}.AppStore|ARM.Build.0 = Debug|Any CPU
		{5FD17957-3AD1-42E5-AAC4-D9B09E0B7E14}.AppStore|ARM.Deploy.0 = Debug|Any CPU
		{5FD17957-3AD1-42E5-AAC4-D9B09E0B7E14}.AppStore|iPhone.ActiveCfg = Debug|Any CPU
		{5FD17957-3AD1-42E5-AAC4-D9B09E0B7E14}.AppStore|iPhone.Build.0 = Debug|Any CPU
		{5FD17957-3AD1-42E5-AAC4-D9B09E0B7E14}.AppStore|iPhone.Deploy.0 = Debug|Any CPU
		{5FD17957-3AD1-42E5-AAC4-D9B09E0B7E14}.AppStore|iPhoneSimulator.ActiveCfg = Debug|Any CPU
		{5FD17957-3AD1-42E5-AAC4-D9B09E0B7E14}.AppStore|iPhoneSimulator.Build.0 = Debug|Any CPU
		{5FD17957-3AD1-42E5-AAC4-D9B09E0B7E14}.AppStore|iPhoneSimulator.Deploy.0 = Debug|Any CPU
		{5FD17957-3AD1-42E5-AAC4-D9B09E0B7E14}.AppStore|x64.ActiveCfg = Debug|Any CPU
		{5FD17957-3AD1-42E5-AAC4-D9B09E0B7E14}.AppStore|x64.Build.0 = Debug|Any CPU
		{5FD17957-3AD1-42E5-AAC4-D9B09E0B7E14}.AppStore|x64.Deploy.0 = Debug|Any CPU
		{5FD17957-3AD1-42E5-AAC4-D9B09E0B7E14}.AppStore|x86.ActiveCfg = Debug|Any CPU
		{5FD17957-3AD1-42E5-AAC4-D9B09E0B7E14}.AppStore|x86.Build.0 = Debug|Any CPU
		{5FD17957-3AD1-42E5-AAC4-D9B09E0B7E14}.AppStore|x86.Deploy.0 = Debug|Any CPU
		{5FD17957-3AD1-42E5-AAC4-D9B09E0B7E14}.Debug|Any CPU.ActiveCfg = Debug|Any CPU
		{5FD17957-3AD1-42E5-AAC4-D9B09E0B7E14}.Debug|Any CPU.Build.0 = Debug|Any CPU
		{5FD17957-3AD1-42E5-AAC4-D9B09E0B7E14}.Debug|Any CPU.Deploy.0 = Debug|Any CPU
		{5FD17957-3AD1-42E5-AAC4-D9B09E0B7E14}.Debug|ARM.ActiveCfg = Debug|Any CPU
		{5FD17957-3AD1-42E5-AAC4-D9B09E0B7E14}.Debug|ARM.Build.0 = Debug|Any CPU
		{5FD17957-3AD1-42E5-AAC4-D9B09E0B7E14}.Debug|ARM.Deploy.0 = Debug|Any CPU
		{5FD17957-3AD1-42E5-AAC4-D9B09E0B7E14}.Debug|iPhone.ActiveCfg = Debug|Any CPU
		{5FD17957-3AD1-42E5-AAC4-D9B09E0B7E14}.Debug|iPhone.Build.0 = Debug|Any CPU
		{5FD17957-3AD1-42E5-AAC4-D9B09E0B7E14}.Debug|iPhone.Deploy.0 = Debug|Any CPU
		{5FD17957-3AD1-42E5-AAC4-D9B09E0B7E14}.Debug|iPhoneSimulator.ActiveCfg = Debug|Any CPU
		{5FD17957-3AD1-42E5-AAC4-D9B09E0B7E14}.Debug|iPhoneSimulator.Build.0 = Debug|Any CPU
		{5FD17957-3AD1-42E5-AAC4-D9B09E0B7E14}.Debug|iPhoneSimulator.Deploy.0 = Debug|Any CPU
		{5FD17957-3AD1-42E5-AAC4-D9B09E0B7E14}.Debug|x64.ActiveCfg = Debug|Any CPU
		{5FD17957-3AD1-42E5-AAC4-D9B09E0B7E14}.Debug|x64.Build.0 = Debug|Any CPU
		{5FD17957-3AD1-42E5-AAC4-D9B09E0B7E14}.Debug|x64.Deploy.0 = Debug|Any CPU
		{5FD17957-3AD1-42E5-AAC4-D9B09E0B7E14}.Debug|x86.ActiveCfg = Debug|Any CPU
		{5FD17957-3AD1-42E5-AAC4-D9B09E0B7E14}.Debug|x86.Build.0 = Debug|Any CPU
		{5FD17957-3AD1-42E5-AAC4-D9B09E0B7E14}.Debug|x86.Deploy.0 = Debug|Any CPU
		{5FD17957-3AD1-42E5-AAC4-D9B09E0B7E14}.Release|Any CPU.ActiveCfg = Release|Any CPU
		{5FD17957-3AD1-42E5-AAC4-D9B09E0B7E14}.Release|Any CPU.Build.0 = Release|Any CPU
		{5FD17957-3AD1-42E5-AAC4-D9B09E0B7E14}.Release|Any CPU.Deploy.0 = Release|Any CPU
		{5FD17957-3AD1-42E5-AAC4-D9B09E0B7E14}.Release|ARM.ActiveCfg = Release|Any CPU
		{5FD17957-3AD1-42E5-AAC4-D9B09E0B7E14}.Release|ARM.Build.0 = Release|Any CPU
		{5FD17957-3AD1-42E5-AAC4-D9B09E0B7E14}.Release|ARM.Deploy.0 = Release|Any CPU
		{5FD17957-3AD1-42E5-AAC4-D9B09E0B7E14}.Release|iPhone.ActiveCfg = Release|Any CPU
		{5FD17957-3AD1-42E5-AAC4-D9B09E0B7E14}.Release|iPhone.Build.0 = Release|Any CPU
		{5FD17957-3AD1-42E5-AAC4-D9B09E0B7E14}.Release|iPhone.Deploy.0 = Release|Any CPU
		{5FD17957-3AD1-42E5-AAC4-D9B09E0B7E14}.Release|iPhoneSimulator.ActiveCfg = Release|Any CPU
		{5FD17957-3AD1-42E5-AAC4-D9B09E0B7E14}.Release|iPhoneSimulator.Build.0 = Release|Any CPU
		{5FD17957-3AD1-42E5-AAC4-D9B09E0B7E14}.Release|iPhoneSimulator.Deploy.0 = Release|Any CPU
		{5FD17957-3AD1-42E5-AAC4-D9B09E0B7E14}.Release|x64.ActiveCfg = Release|Any CPU
		{5FD17957-3AD1-42E5-AAC4-D9B09E0B7E14}.Release|x64.Build.0 = Release|Any CPU
		{5FD17957-3AD1-42E5-AAC4-D9B09E0B7E14}.Release|x64.Deploy.0 = Release|Any CPU
		{5FD17957-3AD1-42E5-AAC4-D9B09E0B7E14}.Release|x86.ActiveCfg = Release|Any CPU
		{5FD17957-3AD1-42E5-AAC4-D9B09E0B7E14}.Release|x86.Build.0 = Release|Any CPU
		{5FD17957-3AD1-42E5-AAC4-D9B09E0B7E14}.Release|x86.Deploy.0 = Release|Any CPU
		{71C1E85B-1A79-C0C4-22BD-49A8DE57B8E7}.Ad-Hoc|Any CPU.ActiveCfg = Release|x64
		{71C1E85B-1A79-C0C4-22BD-49A8DE57B8E7}.Ad-Hoc|Any CPU.Build.0 = Release|x64
		{71C1E85B-1A79-C0C4-22BD-49A8DE57B8E7}.Ad-Hoc|Any CPU.Deploy.0 = Release|x64
		{71C1E85B-1A79-C0C4-22BD-49A8DE57B8E7}.Ad-Hoc|ARM.ActiveCfg = Release|x64
		{71C1E85B-1A79-C0C4-22BD-49A8DE57B8E7}.Ad-Hoc|ARM.Build.0 = Release|x64
		{71C1E85B-1A79-C0C4-22BD-49A8DE57B8E7}.Ad-Hoc|ARM.Deploy.0 = Release|x64
		{71C1E85B-1A79-C0C4-22BD-49A8DE57B8E7}.Ad-Hoc|iPhone.ActiveCfg = Release|x64
		{71C1E85B-1A79-C0C4-22BD-49A8DE57B8E7}.Ad-Hoc|iPhone.Build.0 = Release|x64
		{71C1E85B-1A79-C0C4-22BD-49A8DE57B8E7}.Ad-Hoc|iPhone.Deploy.0 = Release|x64
		{71C1E85B-1A79-C0C4-22BD-49A8DE57B8E7}.Ad-Hoc|iPhoneSimulator.ActiveCfg = Release|x64
		{71C1E85B-1A79-C0C4-22BD-49A8DE57B8E7}.Ad-Hoc|iPhoneSimulator.Build.0 = Release|x64
		{71C1E85B-1A79-C0C4-22BD-49A8DE57B8E7}.Ad-Hoc|iPhoneSimulator.Deploy.0 = Release|x64
		{71C1E85B-1A79-C0C4-22BD-49A8DE57B8E7}.Ad-Hoc|x64.ActiveCfg = Release|x64
		{71C1E85B-1A79-C0C4-22BD-49A8DE57B8E7}.Ad-Hoc|x64.Build.0 = Release|x64
		{71C1E85B-1A79-C0C4-22BD-49A8DE57B8E7}.Ad-Hoc|x64.Deploy.0 = Release|x64
		{71C1E85B-1A79-C0C4-22BD-49A8DE57B8E7}.Ad-Hoc|x86.ActiveCfg = Release|x86
		{71C1E85B-1A79-C0C4-22BD-49A8DE57B8E7}.Ad-Hoc|x86.Build.0 = Release|x86
		{71C1E85B-1A79-C0C4-22BD-49A8DE57B8E7}.Ad-Hoc|x86.Deploy.0 = Release|x86
		{71C1E85B-1A79-C0C4-22BD-49A8DE57B8E7}.AppStore|Any CPU.ActiveCfg = Release|x64
		{71C1E85B-1A79-C0C4-22BD-49A8DE57B8E7}.AppStore|Any CPU.Build.0 = Release|x64
		{71C1E85B-1A79-C0C4-22BD-49A8DE57B8E7}.AppStore|Any CPU.Deploy.0 = Release|x64
		{71C1E85B-1A79-C0C4-22BD-49A8DE57B8E7}.AppStore|ARM.ActiveCfg = Release|x64
		{71C1E85B-1A79-C0C4-22BD-49A8DE57B8E7}.AppStore|ARM.Build.0 = Release|x64
		{71C1E85B-1A79-C0C4-22BD-49A8DE57B8E7}.AppStore|ARM.Deploy.0 = Release|x64
		{71C1E85B-1A79-C0C4-22BD-49A8DE57B8E7}.AppStore|iPhone.ActiveCfg = Release|x64
		{71C1E85B-1A79-C0C4-22BD-49A8DE57B8E7}.AppStore|iPhone.Build.0 = Release|x64
		{71C1E85B-1A79-C0C4-22BD-49A8DE57B8E7}.AppStore|iPhone.Deploy.0 = Release|x64
		{71C1E85B-1A79-C0C4-22BD-49A8DE57B8E7}.AppStore|iPhoneSimulator.ActiveCfg = Release|x64
		{71C1E85B-1A79-C0C4-22BD-49A8DE57B8E7}.AppStore|iPhoneSimulator.Build.0 = Release|x64
		{71C1E85B-1A79-C0C4-22BD-49A8DE57B8E7}.AppStore|iPhoneSimulator.Deploy.0 = Release|x64
		{71C1E85B-1A79-C0C4-22BD-49A8DE57B8E7}.AppStore|x64.ActiveCfg = Release|x64
		{71C1E85B-1A79-C0C4-22BD-49A8DE57B8E7}.AppStore|x64.Build.0 = Release|x64
		{71C1E85B-1A79-C0C4-22BD-49A8DE57B8E7}.AppStore|x64.Deploy.0 = Release|x64
		{71C1E85B-1A79-C0C4-22BD-49A8DE57B8E7}.AppStore|x86.ActiveCfg = Release|x86
		{71C1E85B-1A79-C0C4-22BD-49A8DE57B8E7}.AppStore|x86.Build.0 = Release|x86
		{71C1E85B-1A79-C0C4-22BD-49A8DE57B8E7}.AppStore|x86.Deploy.0 = Release|x86
		{71C1E85B-1A79-C0C4-22BD-49A8DE57B8E7}.Debug|Any CPU.ActiveCfg = Debug|x64
		{71C1E85B-1A79-C0C4-22BD-49A8DE57B8E7}.Debug|Any CPU.Build.0 = Debug|x64
		{71C1E85B-1A79-C0C4-22BD-49A8DE57B8E7}.Debug|Any CPU.Deploy.0 = Debug|x64
		{71C1E85B-1A79-C0C4-22BD-49A8DE57B8E7}.Debug|ARM.ActiveCfg = Debug|x64
		{71C1E85B-1A79-C0C4-22BD-49A8DE57B8E7}.Debug|ARM.Build.0 = Debug|x64
		{71C1E85B-1A79-C0C4-22BD-49A8DE57B8E7}.Debug|ARM.Deploy.0 = Debug|x64
		{71C1E85B-1A79-C0C4-22BD-49A8DE57B8E7}.Debug|iPhone.ActiveCfg = Debug|x64
		{71C1E85B-1A79-C0C4-22BD-49A8DE57B8E7}.Debug|iPhone.Build.0 = Debug|x64
		{71C1E85B-1A79-C0C4-22BD-49A8DE57B8E7}.Debug|iPhone.Deploy.0 = Debug|x64
		{71C1E85B-1A79-C0C4-22BD-49A8DE57B8E7}.Debug|iPhoneSimulator.ActiveCfg = Debug|x64
		{71C1E85B-1A79-C0C4-22BD-49A8DE57B8E7}.Debug|iPhoneSimulator.Build.0 = Debug|x64
		{71C1E85B-1A79-C0C4-22BD-49A8DE57B8E7}.Debug|iPhoneSimulator.Deploy.0 = Debug|x64
		{71C1E85B-1A79-C0C4-22BD-49A8DE57B8E7}.Debug|x64.ActiveCfg = Debug|x64
		{71C1E85B-1A79-C0C4-22BD-49A8DE57B8E7}.Debug|x64.Build.0 = Debug|x64
		{71C1E85B-1A79-C0C4-22BD-49A8DE57B8E7}.Debug|x64.Deploy.0 = Debug|x64
		{71C1E85B-1A79-C0C4-22BD-49A8DE57B8E7}.Debug|x86.ActiveCfg = Debug|x86
		{71C1E85B-1A79-C0C4-22BD-49A8DE57B8E7}.Debug|x86.Build.0 = Debug|x86
		{71C1E85B-1A79-C0C4-22BD-49A8DE57B8E7}.Debug|x86.Deploy.0 = Debug|x86
		{71C1E85B-1A79-C0C4-22BD-49A8DE57B8E7}.Release|Any CPU.ActiveCfg = Release|x64
		{71C1E85B-1A79-C0C4-22BD-49A8DE57B8E7}.Release|Any CPU.Build.0 = Release|x64
		{71C1E85B-1A79-C0C4-22BD-49A8DE57B8E7}.Release|Any CPU.Deploy.0 = Release|x64
		{71C1E85B-1A79-C0C4-22BD-49A8DE57B8E7}.Release|ARM.ActiveCfg = Release|x64
		{71C1E85B-1A79-C0C4-22BD-49A8DE57B8E7}.Release|ARM.Build.0 = Release|x64
		{71C1E85B-1A79-C0C4-22BD-49A8DE57B8E7}.Release|ARM.Deploy.0 = Release|x64
		{71C1E85B-1A79-C0C4-22BD-49A8DE57B8E7}.Release|iPhone.ActiveCfg = Release|x64
		{71C1E85B-1A79-C0C4-22BD-49A8DE57B8E7}.Release|iPhone.Build.0 = Release|x64
		{71C1E85B-1A79-C0C4-22BD-49A8DE57B8E7}.Release|iPhone.Deploy.0 = Release|x64
		{71C1E85B-1A79-C0C4-22BD-49A8DE57B8E7}.Release|iPhoneSimulator.ActiveCfg = Release|x64
		{71C1E85B-1A79-C0C4-22BD-49A8DE57B8E7}.Release|iPhoneSimulator.Build.0 = Release|x64
		{71C1E85B-1A79-C0C4-22BD-49A8DE57B8E7}.Release|iPhoneSimulator.Deploy.0 = Release|x64
		{71C1E85B-1A79-C0C4-22BD-49A8DE57B8E7}.Release|x64.ActiveCfg = Release|x64
		{71C1E85B-1A79-C0C4-22BD-49A8DE57B8E7}.Release|x64.Build.0 = Release|x64
		{71C1E85B-1A79-C0C4-22BD-49A8DE57B8E7}.Release|x64.Deploy.0 = Release|x64
		{71C1E85B-1A79-C0C4-22BD-49A8DE57B8E7}.Release|x86.ActiveCfg = Release|x86
		{71C1E85B-1A79-C0C4-22BD-49A8DE57B8E7}.Release|x86.Build.0 = Release|x86
		{71C1E85B-1A79-C0C4-22BD-49A8DE57B8E7}.Release|x86.Deploy.0 = Release|x86
	EndGlobalSection
	GlobalSection(SolutionProperties) = preSolution
		HideSolutionNode = FALSE
	EndGlobalSection
	GlobalSection(NestedProjects) = preSolution
		{ED3D7A4C-2473-41E1-87E7-428DBB517BD8} = {5D445349-E40E-4936-AE11-7C07276AC4A3}
		{8DA97FE4-645B-4951-92A5-A740D6DD3E5C} = {C5094142-9DAB-405B-9B46-DBA0AC3B9627}
		{999DDEB3-4CDA-441D-B980-3BC43B654237} = {C5094142-9DAB-405B-9B46-DBA0AC3B9627}
		{2F4484CA-D992-44F2-AB3B-5C9F1AD83AB0} = {C5094142-9DAB-405B-9B46-DBA0AC3B9627}
		{8D741D81-6120-472A-BEE0-45F298D74D75} = {5D445349-E40E-4936-AE11-7C07276AC4A3}
		{D75E5A16-6863-4A53-84F4-CC0360782292} = {5D445349-E40E-4936-AE11-7C07276AC4A3}
		{5FD17957-3AD1-42E5-AAC4-D9B09E0B7E14} = {07F120B6-65CD-4EDB-9BC5-F47281F268B3}
		{71C1E85B-1A79-C0C4-22BD-49A8DE57B8E7} = {C5094142-9DAB-405B-9B46-DBA0AC3B9627}
	EndGlobalSection
	GlobalSection(ExtensibilityGlobals) = postSolution
		SolutionGuid = {C7458BCE-5F5A-49A9-8C8C-8955E59F8B66}
	EndGlobalSection
EndGlobal
